// !$*UTF8*$!
{
	archiveVersion = 1;
	classes = {
	};
	objectVersion = 77;
	objects = {

/* Begin PBXBuildFile section */
		03408DFA392D40249689A2F8 /* Theme.swift in Sources */ = {isa = PBXBuildFile; fileRef = FE18431A86D0A8E60222256A /* Theme.swift */; };
		052E8A741FF565BBCCC79008 /* AppNavigationModel.swift in Sources */ = {isa = PBXBuildFile; fileRef = 8626ABE4ECCBB007DE977A14 /* AppNavigationModel.swift */; };
		0D2AC1EC497533FB8687386A /* MainTabView.swift in Sources */ = {isa = PBXBuildFile; fileRef = 7A5579623A00DF9B945828B0 /* MainTabView.swift */; };
		1BD83826590CC2971450E121 /* ImageViewer in Frameworks */ = {isa = PBXBuildFile; productRef = E7220BCADE6E89E920AAA3E5 /* ImageViewer */; };
		1D2A4B3EFD5B25345E1936A9 /* LoginBackgroundView.swift in Sources */ = {isa = PBXBuildFile; fileRef = 4DE7172B29BE7EF3C3C27D30 /* LoginBackgroundView.swift */; };
		23FAF47616C31C0BECB7EE2C /* Const.swift in Sources */ = {isa = PBXBuildFile; fileRef = 4310A01D1AC1284B8CAB25A4 /* Const.swift */; };
		2E31458DC1E801A158447870 /* LoginAgreementView.swift in Sources */ = {isa = PBXBuildFile; fileRef = A40B2B0311A7DBA1A16DAEC3 /* LoginAgreementView.swift */; };
		41654F207EDF1795B7A572D0 /* SelfStore.swift in Sources */ = {isa = PBXBuildFile; fileRef = 09CF1DCB9AF944006185A5BA /* SelfStore.swift */; };
		43F36358BB5FEEEAFCE41FC4 /* MishuApp.swift in Sources */ = {isa = PBXBuildFile; fileRef = 08F43B763B5336BF52C97F0E /* MishuApp.swift */; };
		45625623BAF6340BC0C9FE19 /* AppNavigationStack.swift in Sources */ = {isa = PBXBuildFile; fileRef = D30565E8F6772EF406BE187E /* AppNavigationStack.swift */; };
		4B009559C97895B0B320028F /* UIApplication+dismissKeyboard.swift in Sources */ = {isa = PBXBuildFile; fileRef = A20A8B986FC25D1ACEBA32DB /* UIApplication+dismissKeyboard.swift */; };
		4DBE8A6405AA912C8518C72C /* delegateApplication.swift in Sources */ = {isa = PBXBuildFile; fileRef = 353A6412F1515CD25FDE1112 /* delegateApplication.swift */; };
		5FE4B2A869C1DC5B5D71AD68 /* Success.json in Resources */ = {isa = PBXBuildFile; fileRef = 46AAC4A254FE881DF1B94951 /* Success.json */; };
		6478281AD4A3EB0E7DF3E6EE /* LoginView.vm.swift in Sources */ = {isa = PBXBuildFile; fileRef = E3A6FA7815A0F4A7E83CF9F5 /* LoginView.vm.swift */; };
		6954FB5D86163CF937537FB3 /* Kingfisher in Frameworks */ = {isa = PBXBuildFile; productRef = C50FDF99CDD65BF4BE78634D /* Kingfisher */; };
		6C2ECEE77E73F554FCFFBEAB /* LoginActionView.swift in Sources */ = {isa = PBXBuildFile; fileRef = 4629E4CE19E5B20F6CF1CA7B /* LoginActionView.swift */; };
		6F4C9607FDDA3760C0C70C6A /* LoginView.swift in Sources */ = {isa = PBXBuildFile; fileRef = C98C380A4CD3F6A504B0CDD9 /* LoginView.swift */; };
		77E403F1F57CA115E7F879CD /* Color+Hex.swift in Sources */ = {isa = PBXBuildFile; fileRef = 0FF3F650D2AECC703634D80C /* Color+Hex.swift */; };
		79F18C6A580DC5A3233AA6C3 /* BasicWebView.swift in Sources */ = {isa = PBXBuildFile; fileRef = 5E57A26E89355612F7524B4E /* BasicWebView.swift */; };
		7B62361D282C28736DC80AC6 /* TextField+autoFocus.swift in Sources */ = {isa = PBXBuildFile; fileRef = EE2B07CD222AD46634D77998 /* TextField+autoFocus.swift */; };
		7B8256095D65D00422CD0D93 /* SecureTextField.swift in Sources */ = {isa = PBXBuildFile; fileRef = 84B254A2A874B85E6426CC40 /* SecureTextField.swift */; };
		84C76CA8769ED1B73B7615E2 /* SwiftMessages in Frameworks */ = {isa = PBXBuildFile; productRef = E014F15329552CE4F34F6001 /* SwiftMessages */; };
		86CE7B2DC348050CD20E6913 /* AppRoute.swift in Sources */ = {isa = PBXBuildFile; fileRef = 8DE062AF49E714B8525A0846 /* AppRoute.swift */; };
		8A463CA8F08740568C05BBD6 /* delegateNotification.swift in Sources */ = {isa = PBXBuildFile; fileRef = EA7D068E8E34EA40052B6321 /* delegateNotification.swift */; };
		911089839C438BF214E58086 /* LoginLogoView.swift in Sources */ = {isa = PBXBuildFile; fileRef = 64078DA31D52B066FCA84FDB /* LoginLogoView.swift */; };
		91376E188B106E3B92D181C2 /* BusinessError.swift in Sources */ = {isa = PBXBuildFile; fileRef = 14F5172B827321B0AD753D7D /* BusinessError.swift */; };
		95B88E03160CC5B3AC69A8EB /* Success.lottie in Resources */ = {isa = PBXBuildFile; fileRef = BAFDFB2DD56BFDBAD1213FD1 /* Success.lottie */; };
		9D37F2C6ACE0265A9FA1233E /* LoginInputView.swift in Sources */ = {isa = PBXBuildFile; fileRef = 4E9E01B205BD9BA08B249444 /* LoginInputView.swift */; };
		A346090D061F7AA2CD0C81FB /* Lottie in Frameworks */ = {isa = PBXBuildFile; productRef = 31BD492FD73E659CC04017FE /* Lottie */; };
		AC3B3311C80F404BD8B3CACC /* View+toast.swift in Sources */ = {isa = PBXBuildFile; fileRef = 4A10CBAC79B60ECAF2AC92F6 /* View+toast.swift */; };
		B9A86939694777D1B93A0E59 /* delegateWechat.swift in Sources */ = {isa = PBXBuildFile; fileRef = 3104D7A052AB317BC94B97E4 /* delegateWechat.swift */; };
		BC98E2F535052F49EA1B4D6C /* View+taskFor14.swift in Sources */ = {isa = PBXBuildFile; fileRef = E5201AF4038D854D6546430F /* View+taskFor14.swift */; };
		BD10F53D967A61EEBB869044 /* SQLite in Frameworks */ = {isa = PBXBuildFile; productRef = E4A4A474B601348C3668CF9A /* SQLite */; };
		C00D6E456F09394E38A63B5D /* AppStateStore.swift in Sources */ = {isa = PBXBuildFile; fileRef = BC0DDBCCC839165C7572D300 /* AppStateStore.swift */; };
		C06C03D8A1B6BF981091A344 /* OrientationManager.swift in Sources */ = {isa = PBXBuildFile; fileRef = 3E1AE80EF40D3550B1529288 /* OrientationManager.swift */; };
		C64C49325B4CBA34CC80E384 /* Storage.swift in Sources */ = {isa = PBXBuildFile; fileRef = 80EF0CDAC6E259A04B507F7F /* Storage.swift */; };
		CBE89B0DCEBDF2F7C27A01E9 /* RouteParser.swift in Sources */ = {isa = PBXBuildFile; fileRef = 3A3BF80C0B0CE7F669DC2202 /* RouteParser.swift */; };
		CE294FB308D4A73A2734398B /* KeyedDecodingContainer+safeDecode.swift in Sources */ = {isa = PBXBuildFile; fileRef = 0A0380EA1AE23D5923AF944E /* KeyedDecodingContainer+safeDecode.swift */; };
		E1ECD25BE923A8AC7EB7FB0A /* UmengService.swift in Sources */ = {isa = PBXBuildFile; fileRef = 83E498F4E66850CCBB466BF9 /* UmengService.swift */; };
		E4CD4D7C7089888927E6E8EB /* Pods_MishuApp.framework in Frameworks */ = {isa = PBXBuildFile; fileRef = E058CE024056B3811D83EAA0 /* Pods_MishuApp.framework */; };
		EEB1B25272F8E2B8B78241AC /* APIClient.swift in Sources */ = {isa = PBXBuildFile; fileRef = 791F940A0DB3DBE6C07D74D1 /* APIClient.swift */; };
		F1665B4DA8D1CA101875C302 /* Assets.xcassets in Resources */ = {isa = PBXBuildFile; fileRef = AB469B7432C466BC2A56337F /* Assets.xcassets */; };
		F21AB3E133EA33BCC2299112 /* UserAPI.swift in Sources */ = {isa = PBXBuildFile; fileRef = 0494B41A17B90BCBABFD6D72 /* UserAPI.swift */; };
		F57429D0E30D2BCD92519155 /* LaunchScreen.storyboard in Resources */ = {isa = PBXBuildFile; fileRef = FCF58D5D473B0EB7E31FD7EB /* LaunchScreen.storyboard */; };
		F6C3BA877AE726EFD32AE30F /* User.swift in Sources */ = {isa = PBXBuildFile; fileRef = E95F572F9F527C0E05008BEA /* User.swift */; };
/* End PBXBuildFile section */

/* Begin PBXFileReference section */
		0494B41A17B90BCBABFD6D72 /* UserAPI.swift */ = {isa = PBXFileReference; lastKnownFileType = sourcecode.swift; path = UserAPI.swift; sourceTree = "<group>"; };
		08F43B763B5336BF52C97F0E /* MishuApp.swift */ = {isa = PBXFileReference; lastKnownFileType = sourcecode.swift; path = MishuApp.swift; sourceTree = "<group>"; };
		09CF1DCB9AF944006185A5BA /* SelfStore.swift */ = {isa = PBXFileReference; lastKnownFileType = sourcecode.swift; path = SelfStore.swift; sourceTree = "<group>"; };
		0A0380EA1AE23D5923AF944E /* KeyedDecodingContainer+safeDecode.swift */ = {isa = PBXFileReference; lastKnownFileType = sourcecode.swift; path = "KeyedDecodingContainer+safeDecode.swift"; sourceTree = "<group>"; };
		0FF3F650D2AECC703634D80C /* Color+Hex.swift */ = {isa = PBXFileReference; lastKnownFileType = sourcecode.swift; path = "Color+Hex.swift"; sourceTree = "<group>"; };
		11EB97C91CBA30D981961B5B /* Pods-MishuApp.debug.xcconfig */ = {isa = PBXFileReference; includeInIndex = 1; lastKnownFileType = text.xcconfig; name = "Pods-MishuApp.debug.xcconfig"; path = "Target Support Files/Pods-MishuApp/Pods-MishuApp.debug.xcconfig"; sourceTree = "<group>"; };
		14F5172B827321B0AD753D7D /* BusinessError.swift */ = {isa = PBXFileReference; lastKnownFileType = sourcecode.swift; path = BusinessError.swift; sourceTree = "<group>"; };
		3104D7A052AB317BC94B97E4 /* delegateWechat.swift */ = {isa = PBXFileReference; lastKnownFileType = sourcecode.swift; path = delegateWechat.swift; sourceTree = "<group>"; };
		353A6412F1515CD25FDE1112 /* delegateApplication.swift */ = {isa = PBXFileReference; lastKnownFileType = sourcecode.swift; path = delegateApplication.swift; sourceTree = "<group>"; };
		3A3BF80C0B0CE7F669DC2202 /* RouteParser.swift */ = {isa = PBXFileReference; lastKnownFileType = sourcecode.swift; path = RouteParser.swift; sourceTree = "<group>"; };
		3E1AE80EF40D3550B1529288 /* OrientationManager.swift */ = {isa = PBXFileReference; lastKnownFileType = sourcecode.swift; path = OrientationManager.swift; sourceTree = "<group>"; };
		4310A01D1AC1284B8CAB25A4 /* Const.swift */ = {isa = PBXFileReference; lastKnownFileType = sourcecode.swift; path = Const.swift; sourceTree = "<group>"; };
		4629E4CE19E5B20F6CF1CA7B /* LoginActionView.swift */ = {isa = PBXFileReference; lastKnownFileType = sourcecode.swift; path = LoginActionView.swift; sourceTree = "<group>"; };
		46AAC4A254FE881DF1B94951 /* Success.json */ = {isa = PBXFileReference; lastKnownFileType = text.json; path = Success.json; sourceTree = "<group>"; };
		4A10CBAC79B60ECAF2AC92F6 /* View+toast.swift */ = {isa = PBXFileReference; lastKnownFileType = sourcecode.swift; path = "View+toast.swift"; sourceTree = "<group>"; };
		4DE7172B29BE7EF3C3C27D30 /* LoginBackgroundView.swift */ = {isa = PBXFileReference; lastKnownFileType = sourcecode.swift; path = LoginBackgroundView.swift; sourceTree = "<group>"; };
		4E9E01B205BD9BA08B249444 /* LoginInputView.swift */ = {isa = PBXFileReference; lastKnownFileType = sourcecode.swift; path = LoginInputView.swift; sourceTree = "<group>"; };
		5E57A26E89355612F7524B4E /* BasicWebView.swift */ = {isa = PBXFileReference; lastKnownFileType = sourcecode.swift; path = BasicWebView.swift; sourceTree = "<group>"; };
		64078DA31D52B066FCA84FDB /* LoginLogoView.swift */ = {isa = PBXFileReference; lastKnownFileType = sourcecode.swift; path = LoginLogoView.swift; sourceTree = "<group>"; };
		791F940A0DB3DBE6C07D74D1 /* APIClient.swift */ = {isa = PBXFileReference; lastKnownFileType = sourcecode.swift; path = APIClient.swift; sourceTree = "<group>"; };
		7A5579623A00DF9B945828B0 /* MainTabView.swift */ = {isa = PBXFileReference; lastKnownFileType = sourcecode.swift; path = MainTabView.swift; sourceTree = "<group>"; };
		80EF0CDAC6E259A04B507F7F /* Storage.swift */ = {isa = PBXFileReference; lastKnownFileType = sourcecode.swift; path = Storage.swift; sourceTree = "<group>"; };
		83E498F4E66850CCBB466BF9 /* UmengService.swift */ = {isa = PBXFileReference; lastKnownFileType = sourcecode.swift; path = UmengService.swift; sourceTree = "<group>"; };
		84B254A2A874B85E6426CC40 /* SecureTextField.swift */ = {isa = PBXFileReference; lastKnownFileType = sourcecode.swift; path = SecureTextField.swift; sourceTree = "<group>"; };
		8626ABE4ECCBB007DE977A14 /* AppNavigationModel.swift */ = {isa = PBXFileReference; lastKnownFileType = sourcecode.swift; path = AppNavigationModel.swift; sourceTree = "<group>"; };
		8DE062AF49E714B8525A0846 /* AppRoute.swift */ = {isa = PBXFileReference; lastKnownFileType = sourcecode.swift; path = AppRoute.swift; sourceTree = "<group>"; };
		9D9A7D75C2BA33F8171A32FC /* Pods-MishuApp.release.xcconfig */ = {isa = PBXFileReference; includeInIndex = 1; lastKnownFileType = text.xcconfig; name = "Pods-MishuApp.release.xcconfig"; path = "Target Support Files/Pods-MishuApp/Pods-MishuApp.release.xcconfig"; sourceTree = "<group>"; };
		A20A8B986FC25D1ACEBA32DB /* UIApplication+dismissKeyboard.swift */ = {isa = PBXFileReference; lastKnownFileType = sourcecode.swift; path = "UIApplication+dismissKeyboard.swift"; sourceTree = "<group>"; };
		A40B2B0311A7DBA1A16DAEC3 /* LoginAgreementView.swift */ = {isa = PBXFileReference; lastKnownFileType = sourcecode.swift; path = LoginAgreementView.swift; sourceTree = "<group>"; };
		AB469B7432C466BC2A56337F /* Assets.xcassets */ = {isa = PBXFileReference; lastKnownFileType = folder.assetcatalog; path = Assets.xcassets; sourceTree = "<group>"; };
		BAFDFB2DD56BFDBAD1213FD1 /* Success.lottie */ = {isa = PBXFileReference; path = Success.lottie; sourceTree = "<group>"; };
		BC0DDBCCC839165C7572D300 /* AppStateStore.swift */ = {isa = PBXFileReference; lastKnownFileType = sourcecode.swift; path = AppStateStore.swift; sourceTree = "<group>"; };
		C98C380A4CD3F6A504B0CDD9 /* LoginView.swift */ = {isa = PBXFileReference; lastKnownFileType = sourcecode.swift; path = LoginView.swift; sourceTree = "<group>"; };
		D30565E8F6772EF406BE187E /* AppNavigationStack.swift */ = {isa = PBXFileReference; lastKnownFileType = sourcecode.swift; path = AppNavigationStack.swift; sourceTree = "<group>"; };
		E058CE024056B3811D83EAA0 /* Pods_MishuApp.framework */ = {isa = PBXFileReference; explicitFileType = wrapper.framework; includeInIndex = 0; path = Pods_MishuApp.framework; sourceTree = BUILT_PRODUCTS_DIR; };
		E3A6FA7815A0F4A7E83CF9F5 /* LoginView.vm.swift */ = {isa = PBXFileReference; lastKnownFileType = sourcecode.swift; path = LoginView.vm.swift; sourceTree = "<group>"; };
		E5201AF4038D854D6546430F /* View+taskFor14.swift */ = {isa = PBXFileReference; lastKnownFileType = sourcecode.swift; path = "View+taskFor14.swift"; sourceTree = "<group>"; };
		E95F572F9F527C0E05008BEA /* User.swift */ = {isa = PBXFileReference; lastKnownFileType = sourcecode.swift; path = User.swift; sourceTree = "<group>"; };
		EA7D068E8E34EA40052B6321 /* delegateNotification.swift */ = {isa = PBXFileReference; lastKnownFileType = sourcecode.swift; path = delegateNotification.swift; sourceTree = "<group>"; };
		EB7999A31D2B60C18AEDCDB1 /* MishuApp.app */ = {isa = PBXFileReference; includeInIndex = 0; lastKnownFileType = wrapper.application; path = MishuApp.app; sourceTree = BUILT_PRODUCTS_DIR; };
		EE2B07CD222AD46634D77998 /* TextField+autoFocus.swift */ = {isa = PBXFileReference; lastKnownFileType = sourcecode.swift; path = "TextField+autoFocus.swift"; sourceTree = "<group>"; };
		FCF58D5D473B0EB7E31FD7EB /* LaunchScreen.storyboard */ = {isa = PBXFileReference; lastKnownFileType = file.storyboard; path = LaunchScreen.storyboard; sourceTree = "<group>"; };
		FE18431A86D0A8E60222256A /* Theme.swift */ = {isa = PBXFileReference; lastKnownFileType = sourcecode.swift; path = Theme.swift; sourceTree = "<group>"; };
/* End PBXFileReference section */

/* Begin PBXFrameworksBuildPhase section */
		4D23B3AFD8D791F0174E8D7F /* Frameworks */ = {
			isa = PBXFrameworksBuildPhase;
			buildActionMask = 2147483647;
			files = (
				84C76CA8769ED1B73B7615E2 /* SwiftMessages in Frameworks */,
				6954FB5D86163CF937537FB3 /* Kingfisher in Frameworks */,
				1BD83826590CC2971450E121 /* ImageViewer in Frameworks */,
				A346090D061F7AA2CD0C81FB /* Lottie in Frameworks */,
				BD10F53D967A61EEBB869044 /* SQLite in Frameworks */,
				E4CD4D7C7089888927E6E8EB /* Pods_MishuApp.framework in Frameworks */,
			);
			runOnlyForDeploymentPostprocessing = 0;
		};
/* End PBXFrameworksBuildPhase section */

/* Begin PBXGroup section */
		2153C13A57E6D0300420DB7A /* API */ = {
			isa = PBXGroup;
			children = (
				791F940A0DB3DBE6C07D74D1 /* APIClient.swift */,
				0494B41A17B90BCBABFD6D72 /* UserAPI.swift */,
			);
			name = API;
			path = App/API;
			sourceTree = "<group>";
		};
		3C99760B79249F8A38BFD574 /* Resources */ = {
			isa = PBXGroup;
			children = (
				AB469B7432C466BC2A56337F /* Assets.xcassets */,
				FCF58D5D473B0EB7E31FD7EB /* LaunchScreen.storyboard */,
				46AAC4A254FE881DF1B94951 /* Success.json */,
				BAFDFB2DD56BFDBAD1213FD1 /* Success.lottie */,
			);
			path = Resources;
			sourceTree = "<group>";
		};
		71DEA75AA51B50493F081038 /* Products */ = {
			isa = PBXGroup;
			children = (
				EB7999A31D2B60C18AEDCDB1 /* MishuApp.app */,
			);
			name = Products;
			sourceTree = "<group>";
		};
		7395334185C50591AB229C02 /* Services */ = {
			isa = PBXGroup;
			children = (
				80EF0CDAC6E259A04B507F7F /* Storage.swift */,
				83E498F4E66850CCBB466BF9 /* UmengService.swift */,
			);
			name = Services;
			path = App/Services;
			sourceTree = "<group>";
		};
		7B330FAE57703F3C5FB48D28 = {
			isa = PBXGroup;
			children = (
				2153C13A57E6D0300420DB7A /* API */,
				7D15C0C0E13CE4BD7739B9BF /* App */,
				9858BCCDBAAC1EF50C09178E /* Components */,
				F3A0A0CB3D2F869F21635717 /* Extensions */,
				EC7012C2D1C74A2DB1847B66 /* Login */,
				7BDA218FB31E94D0FC97BC40 /* Models */,
				E6A9D942882C213CFF059A00 /* Navigation */,
				A48E7D7FE3EEED8CC92EF176 /* Pages */,
				3C99760B79249F8A38BFD574 /* Resources */,
				7395334185C50591AB229C02 /* Services */,
				901187926DE8CEC50C03D5B1 /* Store */,
				89C935E66D58B8B8EDB722B6 /* Web */,
				71DEA75AA51B50493F081038 /* Products */,
				E9C6C1BF1A91AEFDF960804B /* Pods */,
				E345C6119C5FCF440955D2AB /* Frameworks */,
			);
			sourceTree = "<group>";
		};
		7BDA218FB31E94D0FC97BC40 /* Models */ = {
			isa = PBXGroup;
			children = (
				14F5172B827321B0AD753D7D /* BusinessError.swift */,
				E95F572F9F527C0E05008BEA /* User.swift */,
			);
			name = Models;
			path = App/Models;
			sourceTree = "<group>";
		};
		7D15C0C0E13CE4BD7739B9BF /* App */ = {
			isa = PBXGroup;
			children = (
				4310A01D1AC1284B8CAB25A4 /* Const.swift */,
				353A6412F1515CD25FDE1112 /* delegateApplication.swift */,
				EA7D068E8E34EA40052B6321 /* delegateNotification.swift */,
				3104D7A052AB317BC94B97E4 /* delegateWechat.swift */,
				08F43B763B5336BF52C97F0E /* MishuApp.swift */,
				FE18431A86D0A8E60222256A /* Theme.swift */,
			);
			path = App;
			sourceTree = "<group>";
		};
		89C935E66D58B8B8EDB722B6 /* Web */ = {
			isa = PBXGroup;
			children = (
				5E57A26E89355612F7524B4E /* BasicWebView.swift */,
			);
			name = Web;
			path = App/Pages/Web;
			sourceTree = "<group>";
		};
		901187926DE8CEC50C03D5B1 /* Store */ = {
			isa = PBXGroup;
			children = (
				BC0DDBCCC839165C7572D300 /* AppStateStore.swift */,
				09CF1DCB9AF944006185A5BA /* SelfStore.swift */,
			);
			name = Store;
			path = App/Store;
			sourceTree = "<group>";
		};
		9858BCCDBAAC1EF50C09178E /* Components */ = {
			isa = PBXGroup;
			children = (
				3E1AE80EF40D3550B1529288 /* OrientationManager.swift */,
				84B254A2A874B85E6426CC40 /* SecureTextField.swift */,
			);
			name = Components;
			path = App/Components;
			sourceTree = "<group>";
		};
		A48E7D7FE3EEED8CC92EF176 /* Pages */ = {
			isa = PBXGroup;
			children = (
				7A5579623A00DF9B945828B0 /* MainTabView.swift */,
			);
			name = Pages;
			path = App/Pages;
			sourceTree = "<group>";
		};
		A811E5C8F7106E6082DAC8B3 /* Component */ = {
			isa = PBXGroup;
			children = (
				4629E4CE19E5B20F6CF1CA7B /* LoginActionView.swift */,
				A40B2B0311A7DBA1A16DAEC3 /* LoginAgreementView.swift */,
				4DE7172B29BE7EF3C3C27D30 /* LoginBackgroundView.swift */,
				4E9E01B205BD9BA08B249444 /* LoginInputView.swift */,
				64078DA31D52B066FCA84FDB /* LoginLogoView.swift */,
			);
			path = Component;
			sourceTree = "<group>";
		};
		E345C6119C5FCF440955D2AB /* Frameworks */ = {
			isa = PBXGroup;
			children = (
				E058CE024056B3811D83EAA0 /* Pods_MishuApp.framework */,
			);
			name = Frameworks;
			sourceTree = "<group>";
		};
		E6A9D942882C213CFF059A00 /* Navigation */ = {
			isa = PBXGroup;
			children = (
				8626ABE4ECCBB007DE977A14 /* AppNavigationModel.swift */,
				D30565E8F6772EF406BE187E /* AppNavigationStack.swift */,
				8DE062AF49E714B8525A0846 /* AppRoute.swift */,
				3A3BF80C0B0CE7F669DC2202 /* RouteParser.swift */,
			);
			name = Navigation;
			path = App/Navigation;
			sourceTree = "<group>";
		};
		E9C6C1BF1A91AEFDF960804B /* Pods */ = {
			isa = PBXGroup;
			children = (
				11EB97C91CBA30D981961B5B /* Pods-MishuApp.debug.xcconfig */,
				9D9A7D75C2BA33F8171A32FC /* Pods-MishuApp.release.xcconfig */,
			);
			name = Pods;
			path = Pods;
			sourceTree = "<group>";
		};
		EC7012C2D1C74A2DB1847B66 /* Login */ = {
			isa = PBXGroup;
			children = (
				C98C380A4CD3F6A504B0CDD9 /* LoginView.swift */,
				E3A6FA7815A0F4A7E83CF9F5 /* LoginView.vm.swift */,
				A811E5C8F7106E6082DAC8B3 /* Component */,
			);
			name = Login;
			path = App/Pages/Login;
			sourceTree = "<group>";
		};
		F3A0A0CB3D2F869F21635717 /* Extensions */ = {
			isa = PBXGroup;
			children = (
				0FF3F650D2AECC703634D80C /* Color+Hex.swift */,
				0A0380EA1AE23D5923AF944E /* KeyedDecodingContainer+safeDecode.swift */,
				EE2B07CD222AD46634D77998 /* TextField+autoFocus.swift */,
				A20A8B986FC25D1ACEBA32DB /* UIApplication+dismissKeyboard.swift */,
				E5201AF4038D854D6546430F /* View+taskFor14.swift */,
				4A10CBAC79B60ECAF2AC92F6 /* View+toast.swift */,
			);
			name = Extensions;
			path = App/Utils/Extensions;
			sourceTree = "<group>";
		};
/* End PBXGroup section */

/* Begin PBXNativeTarget section */
		EC21A6BCB2C7EF1100958F1B /* MishuApp */ = {
			isa = PBXNativeTarget;
			buildConfigurationList = 4BDD233839D1FC1D5EFA0810 /* Build configuration list for PBXNativeTarget "MishuApp" */;
			buildPhases = (
				DA60B1D3CA086802EF5D7D54 /* [CP] Check Pods Manifest.lock */,
				4A5D5B52068640738302AC7E /* Sources */,
				95F099E6F5FDD0A3D39B443E /* Resources */,
				4D23B3AFD8D791F0174E8D7F /* Frameworks */,
			);
			buildRules = (
			);
			dependencies = (
			);
			name = MishuApp;
			packageProductDependencies = (
				E014F15329552CE4F34F6001 /* SwiftMessages */,
				C50FDF99CDD65BF4BE78634D /* Kingfisher */,
				E7220BCADE6E89E920AAA3E5 /* ImageViewer */,
				31BD492FD73E659CC04017FE /* Lottie */,
				E4A4A474B601348C3668CF9A /* SQLite */,
			);
			productName = MishuApp;
			productReference = EB7999A31D2B60C18AEDCDB1 /* MishuApp.app */;
			productType = "com.apple.product-type.application";
		};
/* End PBXNativeTarget section */

/* Begin PBXProject section */
		D6D75EA408534C7017DF1A7C /* Project object */ = {
			isa = PBXProject;
			attributes = {
				BuildIndependentTargetsInParallel = YES;
				LastUpgradeCheck = 1430;
				TargetAttributes = {
					EC21A6BCB2C7EF1100958F1B = {
						DevelopmentTeam = 5GFMWSR59V;
						ProvisioningStyle = Automatic;
					};
				};
			};
			buildConfigurationList = 4CB8C1612999F5DE7BBB7AF3 /* Build configuration list for PBXProject "MishuApp" */;
			compatibilityVersion = "Xcode 14.0";
			developmentRegion = en;
			hasScannedForEncodings = 0;
			knownRegions = (
				Base,
				en,
			);
			mainGroup = 7B330FAE57703F3C5FB48D28;
			minimizedProjectReferenceProxies = 1;
			packageReferences = (
				9609333CA596EF123FE89A11 /* XCRemoteSwiftPackageReference "ImageViewer" */,
				699C5343721DF821AC18A9E2 /* XCRemoteSwiftPackageReference "Kingfisher" */,
				D15EB8F0DAB57C3006F0BC07 /* XCRemoteSwiftPackageReference "lottie-ios" */,
				6B4CE4D181116E0B66D71288 /* XCRemoteSwiftPackageReference "SQLite.swift" */,
				259486D5372986C472641F58 /* XCRemoteSwiftPackageReference "SwiftMessages" */,
			);
			preferredProjectObjectVersion = 77;
			productRefGroup = 71DEA75AA51B50493F081038 /* Products */;
			projectDirPath = "";
			projectRoot = "";
			targets = (
				EC21A6BCB2C7EF1100958F1B /* MishuApp */,
			);
		};
/* End PBXProject section */

/* Begin PBXResourcesBuildPhase section */
		95F099E6F5FDD0A3D39B443E /* Resources */ = {
			isa = PBXResourcesBuildPhase;
			buildActionMask = 2147483647;
			files = (
				F1665B4DA8D1CA101875C302 /* Assets.xcassets in Resources */,
				F57429D0E30D2BCD92519155 /* LaunchScreen.storyboard in Resources */,
				5FE4B2A869C1DC5B5D71AD68 /* Success.json in Resources */,
				95B88E03160CC5B3AC69A8EB /* Success.lottie in Resources */,
			);
			runOnlyForDeploymentPostprocessing = 0;
		};
/* End PBXResourcesBuildPhase section */

/* Begin PBXShellScriptBuildPhase section */
		DA60B1D3CA086802EF5D7D54 /* [CP] Check Pods Manifest.lock */ = {
			isa = PBXShellScriptBuildPhase;
			buildActionMask = 2147483647;
			files = (
			);
			inputFileListPaths = (
			);
			inputPaths = (
				"${PODS_PODFILE_DIR_PATH}/Podfile.lock",
				"${PODS_ROOT}/Manifest.lock",
			);
			name = "[CP] Check Pods Manifest.lock";
			outputFileListPaths = (
			);
			outputPaths = (
				"$(DERIVED_FILE_DIR)/Pods-MishuApp-checkManifestLockResult.txt",
			);
			runOnlyForDeploymentPostprocessing = 0;
			shellPath = /bin/sh;
			shellScript = "diff \"${PODS_PODFILE_DIR_PATH}/Podfile.lock\" \"${PODS_ROOT}/Manifest.lock\" > /dev/null\nif [ $? != 0 ] ; then\n    # print error to STDERR\n    echo \"error: The sandbox is not in sync with the Podfile.lock. Run 'pod install' or update your CocoaPods installation.\" >&2\n    exit 1\nfi\n# This output is used by Xcode 'outputs' to avoid re-running this script phase.\necho \"SUCCESS\" > \"${SCRIPT_OUTPUT_FILE_0}\"\n";
			showEnvVarsInLog = 0;
		};
/* End PBXShellScriptBuildPhase section */

/* Begin PBXSourcesBuildPhase section */
		4A5D5B52068640738302AC7E /* Sources */ = {
			isa = PBXSourcesBuildPhase;
			buildActionMask = 2147483647;
			files = (
				EEB1B25272F8E2B8B78241AC /* APIClient.swift in Sources */,
				052E8A741FF565BBCCC79008 /* AppNavigationModel.swift in Sources */,
				45625623BAF6340BC0C9FE19 /* AppNavigationStack.swift in Sources */,
				86CE7B2DC348050CD20E6913 /* AppRoute.swift in Sources */,
				C00D6E456F09394E38A63B5D /* AppStateStore.swift in Sources */,
				79F18C6A580DC5A3233AA6C3 /* BasicWebView.swift in Sources */,
				91376E188B106E3B92D181C2 /* BusinessError.swift in Sources */,
				77E403F1F57CA115E7F879CD /* Color+Hex.swift in Sources */,
				23FAF47616C31C0BECB7EE2C /* Const.swift in Sources */,
				CE294FB308D4A73A2734398B /* KeyedDecodingContainer+safeDecode.swift in Sources */,
				6C2ECEE77E73F554FCFFBEAB /* LoginActionView.swift in Sources */,
				2E31458DC1E801A158447870 /* LoginAgreementView.swift in Sources */,
				1D2A4B3EFD5B25345E1936A9 /* LoginBackgroundView.swift in Sources */,
				9D37F2C6ACE0265A9FA1233E /* LoginInputView.swift in Sources */,
				911089839C438BF214E58086 /* LoginLogoView.swift in Sources */,
				6F4C9607FDDA3760C0C70C6A /* LoginView.swift in Sources */,
				6478281AD4A3EB0E7DF3E6EE /* LoginView.vm.swift in Sources */,
				0D2AC1EC497533FB8687386A /* MainTabView.swift in Sources */,
				43F36358BB5FEEEAFCE41FC4 /* MishuApp.swift in Sources */,
				C06C03D8A1B6BF981091A344 /* OrientationManager.swift in Sources */,
				CBE89B0DCEBDF2F7C27A01E9 /* RouteParser.swift in Sources */,
				7B8256095D65D00422CD0D93 /* SecureTextField.swift in Sources */,
				41654F207EDF1795B7A572D0 /* SelfStore.swift in Sources */,
				C64C49325B4CBA34CC80E384 /* Storage.swift in Sources */,
				7B62361D282C28736DC80AC6 /* TextField+autoFocus.swift in Sources */,
				03408DFA392D40249689A2F8 /* Theme.swift in Sources */,
				4B009559C97895B0B320028F /* UIApplication+dismissKeyboard.swift in Sources */,
				E1ECD25BE923A8AC7EB7FB0A /* UmengService.swift in Sources */,
				F6C3BA877AE726EFD32AE30F /* User.swift in Sources */,
				F21AB3E133EA33BCC2299112 /* UserAPI.swift in Sources */,
				BC98E2F535052F49EA1B4D6C /* View+taskFor14.swift in Sources */,
				AC3B3311C80F404BD8B3CACC /* View+toast.swift in Sources */,
				4DBE8A6405AA912C8518C72C /* delegateApplication.swift in Sources */,
				8A463CA8F08740568C05BBD6 /* delegateNotification.swift in Sources */,
				B9A86939694777D1B93A0E59 /* delegateWechat.swift in Sources */,
			);
			runOnlyForDeploymentPostprocessing = 0;
		};
/* End PBXSourcesBuildPhase section */

/* Begin XCBuildConfiguration section */
		219E832CB9B5B2BD12CF69CE /* Release */ = {
			isa = XCBuildConfiguration;
			baseConfigurationReference = 9D9A7D75C2BA33F8171A32FC /* Pods-MishuApp.release.xcconfig */;
			buildSettings = {
				ALWAYS_SEARCH_USER_PATHS = YES;
				ASSETCATALOG_COMPILER_APPICON_NAME = AppIcon;
				CFBundleDevelopmentRegion = "zh-Hans";
				CODE_SIGN_ENTITLEMENTS = MishuApp.entitlements;
				CODE_SIGN_IDENTITY = "iPhone Developer";
				CODE_SIGN_STYLE = Automatic;
				CURRENT_PROJECT_VERSION = 15;
				DEVELOPMENT_TEAM = 5GFMWSR59V;
				ENABLE_APPINTENTS_METADATA_PROCESSING = NO;
				GENERATE_INFOPLIST_FILE = NO;
				INFOPLIST_FILE = Info.plist;
				INFOPLIST_KEY_LSApplicationCategoryType = "public.app-category.utilities";
				LD_RUNPATH_SEARCH_PATHS = (
					"$(inherited)",
					"@executable_path/Frameworks",
				);
				MARKETING_VERSION = 1.0.0;
				PRODUCT_BUNDLE_IDENTIFIER = com.spreadwin.mishuapp;
				SDKROOT = iphoneos;
				TARGETED_DEVICE_FAMILY = 1;
			};
			name = Release;
		};
		54765F167B97365F7967FC83 /* Debug */ = {
			isa = XCBuildConfiguration;
			baseConfigurationReference = 11EB97C91CBA30D981961B5B /* Pods-MishuApp.debug.xcconfig */;
			buildSettings = {
				ALWAYS_SEARCH_USER_PATHS = YES;
				ASSETCATALOG_COMPILER_APPICON_NAME = AppIcon;
				CFBundleDevelopmentRegion = "zh-Hans";
				CODE_SIGN_ENTITLEMENTS = MishuApp.entitlements;
				CODE_SIGN_IDENTITY = "iPhone Developer";
				CODE_SIGN_STYLE = Automatic;
				CURRENT_PROJECT_VERSION = 15;
				DEVELOPMENT_TEAM = 5GFMWSR59V;
				ENABLE_APPINTENTS_METADATA_PROCESSING = NO;
				GENERATE_INFOPLIST_FILE = NO;
				INFOPLIST_FILE = Info.plist;
				INFOPLIST_KEY_LSApplicationCategoryType = "public.app-category.utilities";
				LD_RUNPATH_SEARCH_PATHS = (
					"$(inherited)",
					"@executable_path/Frameworks",
				);
				MARKETING_VERSION = 1.0.0;
				PRODUCT_BUNDLE_IDENTIFIER = com.spreadwin.mishuapp;
				SDKROOT = iphoneos;
				TARGETED_DEVICE_FAMILY = 1;
			};
			name = Debug;
		};
		85D47C386420BA35DF71356F /* Debug */ = {
			isa = XCBuildConfiguration;
			buildSettings = {
				ALWAYS_SEARCH_USER_PATHS = NO;
				ASSETCATALOG_COMPILER_APPICON_NAME = AppIcon;
				CLANG_ANALYZER_NONNULL = YES;
				CLANG_ANALYZER_NUMBER_OBJECT_CONVERSION = YES_AGGRESSIVE;
				CLANG_CXX_LANGUAGE_STANDARD = "gnu++14";
				CLANG_CXX_LIBRARY = "libc++";
				CLANG_ENABLE_MODULES = YES;
				CLANG_ENABLE_OBJC_ARC = YES;
				CLANG_ENABLE_OBJC_WEAK = YES;
				CLANG_WARN_BLOCK_CAPTURE_AUTORELEASING = YES;
				CLANG_WARN_BOOL_CONVERSION = YES;
				CLANG_WARN_COMMA = YES;
				CLANG_WARN_CONSTANT_CONVERSION = YES;
				CLANG_WARN_DEPRECATED_OBJC_IMPLEMENTATIONS = YES;
				CLANG_WARN_DIRECT_OBJC_ISA_USAGE = YES_ERROR;
				CLANG_WARN_DOCUMENTATION_COMMENTS = YES;
				CLANG_WARN_EMPTY_BODY = YES;
				CLANG_WARN_ENUM_CONVERSION = YES;
				CLANG_WARN_INFINITE_RECURSION = YES;
				CLANG_WARN_INT_CONVERSION = YES;
				CLANG_WARN_NON_LITERAL_NULL_CONVERSION = YES;
				CLANG_WARN_OBJC_IMPLICIT_RETAIN_SELF = YES;
				CLANG_WARN_OBJC_LITERAL_CONVERSION = YES;
				CLANG_WARN_OBJC_ROOT_CLASS = YES_ERROR;
				CLANG_WARN_QUOTED_INCLUDE_IN_FRAMEWORK_HEADER = YES;
				CLANG_WARN_RANGE_LOOP_ANALYSIS = YES;
				CLANG_WARN_STRICT_PROTOTYPES = YES;
				CLANG_WARN_SUSPICIOUS_MOVE = YES;
				CLANG_WARN_UNGUARDED_AVAILABILITY = YES_AGGRESSIVE;
				CLANG_WARN_UNREACHABLE_CODE = YES;
				CLANG_WARN__DUPLICATE_METHOD_MATCH = YES;
				CODE_SIGN_STYLE = Automatic;
				COPY_PHASE_STRIP = NO;
				DEBUG_INFORMATION_FORMAT = dwarf;
				DEVELOPMENT_LANGUAGE = "zh-Hans";
				DEVELOPMENT_TEAM = 5GFMWSR59V;
				ENABLE_STRICT_OBJC_MSGSEND = YES;
				ENABLE_TESTABILITY = YES;
				GCC_C_LANGUAGE_STANDARD = gnu11;
				GCC_DYNAMIC_NO_PIC = NO;
				GCC_NO_COMMON_BLOCKS = YES;
				GCC_OPTIMIZATION_LEVEL = 0;
				GCC_PREPROCESSOR_DEFINITIONS = (
					"$(inherited)",
					"DEBUG=1",
				);
				GCC_WARN_64_TO_32_BIT_CONVERSION = YES;
				GCC_WARN_ABOUT_RETURN_TYPE = YES_ERROR;
				GCC_WARN_UNDECLARED_SELECTOR = YES;
				GCC_WARN_UNINITIALIZED_AUTOS = YES_AGGRESSIVE;
				GCC_WARN_UNUSED_FUNCTION = YES;
				GCC_WARN_UNUSED_VARIABLE = YES;
				IPHONEOS_DEPLOYMENT_TARGET = 16.0;
				MTL_ENABLE_DEBUG_INFO = INCLUDE_SOURCE;
				MTL_FAST_MATH = YES;
				ONLY_ACTIVE_ARCH = YES;
				PRODUCT_NAME = "$(TARGET_NAME)";
				SDKROOT = iphoneos;
				SWIFT_ACTIVE_COMPILATION_CONDITIONS = DEBUG;
				SWIFT_OPTIMIZATION_LEVEL = "-Onone";
				SWIFT_VERSION = 5.9;
			};
			name = Debug;
		};
		BC8AD51029311CFAA66A14BD /* Release */ = {
			isa = XCBuildConfiguration;
			buildSettings = {
				ALWAYS_SEARCH_USER_PATHS = NO;
				ASSETCATALOG_COMPILER_APPICON_NAME = AppIcon;
				CLANG_ANALYZER_NONNULL = YES;
				CLANG_ANALYZER_NUMBER_OBJECT_CONVERSION = YES_AGGRESSIVE;
				CLANG_CXX_LANGUAGE_STANDARD = "gnu++14";
				CLANG_CXX_LIBRARY = "libc++";
				CLANG_ENABLE_MODULES = YES;
				CLANG_ENABLE_OBJC_ARC = YES;
				CLANG_ENABLE_OBJC_WEAK = YES;
				CLANG_WARN_BLOCK_CAPTURE_AUTORELEASING = YES;
				CLANG_WARN_BOOL_CONVERSION = YES;
				CLANG_WARN_COMMA = YES;
				CLANG_WARN_CONSTANT_CONVERSION = YES;
				CLANG_WARN_DEPRECATED_OBJC_IMPLEMENTATIONS = YES;
				CLANG_WARN_DIRECT_OBJC_ISA_USAGE = YES_ERROR;
				CLANG_WARN_DOCUMENTATION_COMMENTS = YES;
				CLANG_WARN_EMPTY_BODY = YES;
				CLANG_WARN_ENUM_CONVERSION = YES;
				CLANG_WARN_INFINITE_RECURSION = YES;
				CLANG_WARN_INT_CONVERSION = YES;
				CLANG_WARN_NON_LITERAL_NULL_CONVERSION = YES;
				CLANG_WARN_OBJC_IMPLICIT_RETAIN_SELF = YES;
				CLANG_WARN_OBJC_LITERAL_CONVERSION = YES;
				CLANG_WARN_OBJC_ROOT_CLASS = YES_ERROR;
				CLANG_WARN_QUOTED_INCLUDE_IN_FRAMEWORK_HEADER = YES;
				CLANG_WARN_RANGE_LOOP_ANALYSIS = YES;
				CLANG_WARN_STRICT_PROTOTYPES = YES;
				CLANG_WARN_SUSPICIOUS_MOVE = YES;
				CLANG_WARN_UNGUARDED_AVAILABILITY = YES_AGGRESSIVE;
				CLANG_WARN_UNREACHABLE_CODE = YES;
				CLANG_WARN__DUPLICATE_METHOD_MATCH = YES;
				CODE_SIGN_STYLE = Automatic;
				COPY_PHASE_STRIP = NO;
				DEBUG_INFORMATION_FORMAT = "dwarf-with-dsym";
				DEVELOPMENT_LANGUAGE = "zh-Hans";
				DEVELOPMENT_TEAM = 5GFMWSR59V;
				ENABLE_NS_ASSERTIONS = NO;
				ENABLE_STRICT_OBJC_MSGSEND = YES;
				GCC_C_LANGUAGE_STANDARD = gnu11;
				GCC_NO_COMMON_BLOCKS = YES;
				GCC_WARN_64_TO_32_BIT_CONVERSION = YES;
				GCC_WARN_ABOUT_RETURN_TYPE = YES_ERROR;
				GCC_WARN_UNDECLARED_SELECTOR = YES;
				GCC_WARN_UNINITIALIZED_AUTOS = YES_AGGRESSIVE;
				GCC_WARN_UNUSED_FUNCTION = YES;
				GCC_WARN_UNUSED_VARIABLE = YES;
				IPHONEOS_DEPLOYMENT_TARGET = 16.0;
				MTL_ENABLE_DEBUG_INFO = NO;
				MTL_FAST_MATH = YES;
				PRODUCT_NAME = "$(TARGET_NAME)";
				SDKROOT = iphoneos;
				SWIFT_COMPILATION_MODE = wholemodule;
				SWIFT_OPTIMIZATION_LEVEL = "-O";
				SWIFT_VERSION = 5.9;
			};
			name = Release;
		};
/* End XCBuildConfiguration section */

/* Begin XCConfigurationList section */
		4BDD233839D1FC1D5EFA0810 /* Build configuration list for PBXNativeTarget "MishuApp" */ = {
			isa = XCConfigurationList;
			buildConfigurations = (
				54765F167B97365F7967FC83 /* Debug */,
				219E832CB9B5B2BD12CF69CE /* Release */,
			);
			defaultConfigurationIsVisible = 0;
			defaultConfigurationName = Debug;
		};
		4CB8C1612999F5DE7BBB7AF3 /* Build configuration list for PBXProject "MishuApp" */ = {
			isa = XCConfigurationList;
			buildConfigurations = (
				85D47C386420BA35DF71356F /* Debug */,
				BC8AD51029311CFAA66A14BD /* Release */,
			);
			defaultConfigurationIsVisible = 0;
			defaultConfigurationName = Debug;
		};
/* End XCConfigurationList section */

/* Begin XCRemoteSwiftPackageReference section */
		259486D5372986C472641F58 /* XCRemoteSwiftPackageReference "SwiftMessages" */ = {
			isa = XCRemoteSwiftPackageReference;
			repositoryURL = "https://github.com/SwiftKickMobile/SwiftMessages.git";
			requirement = {
				kind = upToNextMajorVersion;
				minimumVersion = 9.0.6;
			};
		};
		699C5343721DF821AC18A9E2 /* XCRemoteSwiftPackageReference "Kingfisher" */ = {
			isa = XCRemoteSwiftPackageReference;
			repositoryURL = "https://github.com/onevcat/Kingfisher.git";
			requirement = {
				kind = upToNextMajorVersion;
				minimumVersion = 8.0.0;
			};
		};
		6B4CE4D181116E0B66D71288 /* XCRemoteSwiftPackageReference "SQLite.swift" */ = {
			isa = XCRemoteSwiftPackageReference;
			repositoryURL = "https://github.com/stephencelis/SQLite.swift.git";
			requirement = {
				kind = upToNextMajorVersion;
				minimumVersion = 0.15.5;
			};
		};
		9609333CA596EF123FE89A11 /* XCRemoteSwiftPackageReference "ImageViewer" */ = {
			isa = XCRemoteSwiftPackageReference;
			repositoryURL = "https://github.com/Krisiacik/ImageViewer";
			requirement = {
				kind = upToNextMajorVersion;
				minimumVersion = 7.0.0;
			};
		};
		D15EB8F0DAB57C3006F0BC07 /* XCRemoteSwiftPackageReference "lottie-ios" */ = {
			isa = XCRemoteSwiftPackageReference;
			repositoryURL = "https://github.com/airbnb/lottie-ios";
			requirement = {
				kind = upToNextMajorVersion;
				minimumVersion = 4.5.2;
			};
		};
/* End XCRemoteSwiftPackageReference section */

/* Begin XCSwiftPackageProductDependency section */
		31BD492FD73E659CC04017FE /* Lottie */ = {
			isa = XCSwiftPackageProductDependency;
			package = D15EB8F0DAB57C3006F0BC07 /* XCRemoteSwiftPackageReference "lottie-ios" */;
			productName = Lottie;
		};
		C50FDF99CDD65BF4BE78634D /* Kingfisher */ = {
			isa = XCSwiftPackageProductDependency;
			package = 699C5343721DF821AC18A9E2 /* XCRemoteSwiftPackageReference "Kingfisher" */;
			productName = Kingfisher;
		};
		E014F15329552CE4F34F6001 /* SwiftMessages */ = {
			isa = XCSwiftPackageProductDependency;
			package = 259486D5372986C472641F58 /* XCRemoteSwiftPackageReference "SwiftMessages" */;
			productName = SwiftMessages;
		};
		E4A4A474B601348C3668CF9A /* SQLite */ = {
			isa = XCSwiftPackageProductDependency;
			package = 6B4CE4D181116E0B66D71288 /* XCRemoteSwiftPackageReference "SQLite.swift" */;
			productName = SQLite;
		};
		E7220BCADE6E89E920AAA3E5 /* ImageViewer */ = {
			isa = XCSwiftPackageProductDependency;
			package = 9609333CA596EF123FE89A11 /* XCRemoteSwiftPackageReference "ImageViewer" */;
			productName = ImageViewer;
		};
/* End XCSwiftPackageProductDependency section */
	};
	rootObject = D6D75EA408534C7017DF1A7C /* Project object */;
}
