// !$*UTF8*$!
{
	archiveVersion = 1;
	classes = {
	};
	objectVersion = 77;
	objects = {

/* Begin PBXBuildFile section */
		0287DC85F8B1CF07E7C41253 /* AsrModel.swift in Sources */ = {isa = PBXBuildFile; fileRef = B9FB86CA466D924F04CED1F6 /* AsrModel.swift */; };
		03408DFA392D40249689A2F8 /* Theme.swift in Sources */ = {isa = PBXBuildFile; fileRef = FE18431A86D0A8E60222256A /* Theme.swift */; };
		062E576B777E233E079F6449 /* View+pickerAddBgColor.swift in Sources */ = {isa = PBXBuildFile; fileRef = 074CF66FCCFB47272D4E2284 /* View+pickerAddBgColor.swift */; };
		076E3C9114F0454A00BBB708 /* DeinitDetector.swift in Sources */ = {isa = PBXBuildFile; fileRef = 8A7F09EA3B12CB5AA0B79459 /* DeinitDetector.swift */; };
		0BC12988DF435DE1904976AA /* BusinessError.swift in Sources */ = {isa = PBXBuildFile; fileRef = EE0671FC51D99DBDC970F529 /* BusinessError.swift */; };
		0BF1FE118DD83E5918F0DAE5 /* VoiceRippleView.swift in Sources */ = {isa = PBXBuildFile; fileRef = 13BBAE42DA576F46B6B1DB5B /* VoiceRippleView.swift */; };
		0C8BD32C9FD3D15C92F704EB /* View+SafeArea.swift in Sources */ = {isa = PBXBuildFile; fileRef = 1E085146C880C5608E81A63B /* View+SafeArea.swift */; };
		0D5D4ECDBB76D963A85EEB88 /* MishuAppUITests.swift in Sources */ = {isa = PBXBuildFile; fileRef = 84F828384D33BC9E4F62B434 /* MishuAppUITests.swift */; };
		0D6882A5FD8D000C6E0EDE53 /* LocationService.swift in Sources */ = {isa = PBXBuildFile; fileRef = 4285CF11D29EBB4755B728EB /* LocationService.swift */; };
		13EF72403BDB2828E93ECF88 /* String+timeValid.swift in Sources */ = {isa = PBXBuildFile; fileRef = ABE846109D38237FC8E25DE9 /* String+timeValid.swift */; };
		15410D252504541C8E8655E5 /* View+keyboardAvoiding.swift in Sources */ = {isa = PBXBuildFile; fileRef = E56EFDC17E38C4E6BF071684 /* View+keyboardAvoiding.swift */; };
		1935255005DA4B7C4AA10E44 /* AppNavigationModel.swift in Sources */ = {isa = PBXBuildFile; fileRef = F20BAA1E3296CCCA926127B6 /* AppNavigationModel.swift */; };
		1BD83826590CC2971450E121 /* ImageViewer in Frameworks */ = {isa = PBXBuildFile; productRef = E7220BCADE6E89E920AAA3E5 /* ImageViewer */; };
		1EB380D3A93797949601C63D /* VoiceMemoryPipeline.swift in Sources */ = {isa = PBXBuildFile; fileRef = 03AC276DE0B20F7CDC169DA0 /* VoiceMemoryPipeline.swift */; };
		1FBDE7ACE39311DDC1054CF5 /* AppRoute.swift in Sources */ = {isa = PBXBuildFile; fileRef = 7DAC82D5863EA313442DE4EB /* AppRoute.swift */; };
		23FAF47616C31C0BECB7EE2C /* Const.swift in Sources */ = {isa = PBXBuildFile; fileRef = 4310A01D1AC1284B8CAB25A4 /* Const.swift */; };
		265423BEF622E05EA9B42F34 /* MemoryTable.swift in Sources */ = {isa = PBXBuildFile; fileRef = F6D2B0C64471C4CCFBCC3221 /* MemoryTable.swift */; };
		267244EBECF9B4A2A6614DA3 /* DoubaoEmbeddingAPI.swift in Sources */ = {isa = PBXBuildFile; fileRef = 914ACDCA368BCDB58800C96B /* DoubaoEmbeddingAPI.swift */; };
		28A072440E2F584E4DC39827 /* UserAvatar.swift in Sources */ = {isa = PBXBuildFile; fileRef = 372706400EEFA2363F61251A /* UserAvatar.swift */; };
		2DBF018C3F6ED34540B0417C /* APIClient.swift in Sources */ = {isa = PBXBuildFile; fileRef = 4D9CBE2EFBE8F8D262A7C7C7 /* APIClient.swift */; };
		2FB49974F101C8D59B089E87 /* LoginBackgroundView.swift in Sources */ = {isa = PBXBuildFile; fileRef = 37C364910BF75CF4B4B88D02 /* LoginBackgroundView.swift */; };
		36959361A288761DDF3AD3A9 /* AudioCapService.swift in Sources */ = {isa = PBXBuildFile; fileRef = 554F112E4ED3DD023F1AE7F2 /* AudioCapService.swift */; };
		369603427EACEFE9E025CF93 /* View+cornerRadius.swift in Sources */ = {isa = PBXBuildFile; fileRef = A77BCDE65B290D84302D2623 /* View+cornerRadius.swift */; };
		381F36D125490BA60AED63BA /* SQLiteVecIntegrationTests.swift in Sources */ = {isa = PBXBuildFile; fileRef = 10F9DA5E6A398C3FE36C8DBA /* SQLiteVecIntegrationTests.swift */; };
		3DA2A2BD379EBE6E5B03B5CA /* LicensePlateInputView.swift in Sources */ = {isa = PBXBuildFile; fileRef = E73EE73297C489B4F9812EBC /* LicensePlateInputView.swift */; };
		40C8DC5AAFD18003171F71CE /* LoginActionView.swift in Sources */ = {isa = PBXBuildFile; fileRef = 5097B4DD8C56743B3CCF4F72 /* LoginActionView.swift */; };
		4389B0799DB2F7330E463824 /* SocketMessage.swift in Sources */ = {isa = PBXBuildFile; fileRef = E3D4AE05031728CA42ED6D5D /* SocketMessage.swift */; };
		43F36358BB5FEEEAFCE41FC4 /* MishuApp.swift in Sources */ = {isa = PBXBuildFile; fileRef = 08F43B763B5336BF52C97F0E /* MishuApp.swift */; };
		44AB53CFC5CF387120D2A494 /* PageViewController.swift in Sources */ = {isa = PBXBuildFile; fileRef = 26F9D6D44A1B34E30E66AD75 /* PageViewController.swift */; };
		44CF889931F108CC5E8568A0 /* RouteParser.swift in Sources */ = {isa = PBXBuildFile; fileRef = 3B72822ECCFE58E04CEA7DFD /* RouteParser.swift */; };
		45009782C948F8565C367BBD /* EnvironmentValues+Namespace.swift in Sources */ = {isa = PBXBuildFile; fileRef = 631D21E7BC858AE3E33DD0B3 /* EnvironmentValues+Namespace.swift */; };
		485F8D4E500FC5E04BBB2701 /* LoginInputView.swift in Sources */ = {isa = PBXBuildFile; fileRef = A76A602A343D7BFD2341AC09 /* LoginInputView.swift */; };
		4A0D80DCA3D0AABCA4594FB7 /* Color+brightness.swift in Sources */ = {isa = PBXBuildFile; fileRef = 9C0B2C3E3CB4867E6439540C /* Color+brightness.swift */; };
		4BE0569F125C181DA57445DA /* View+onDragWithEnd.swift in Sources */ = {isa = PBXBuildFile; fileRef = EED1B4C6B894054AEA1AC551 /* View+onDragWithEnd.swift */; };
		4D70C68B171B48B08F3C618B /* Calendar+relativeDateString.swift in Sources */ = {isa = PBXBuildFile; fileRef = FF9568547873C692FE153296 /* Calendar+relativeDateString.swift */; };
		4D79F3C34370F51C687A907A /* KeyedDecodingContainer+safeDecode.swift in Sources */ = {isa = PBXBuildFile; fileRef = 3052BD2C0FA99D0FF399429D /* KeyedDecodingContainer+safeDecode.swift */; };
		4DBE8A6405AA912C8518C72C /* delegateApplication.swift in Sources */ = {isa = PBXBuildFile; fileRef = 353A6412F1515CD25FDE1112 /* delegateApplication.swift */; };
		50F45E929048EA881874A7B9 /* String+extension.swift in Sources */ = {isa = PBXBuildFile; fileRef = 48C3866EF23B98D47D0C7CC5 /* String+extension.swift */; };
		53A54836B4C48EA665A23AA7 /* View+toast.swift in Sources */ = {isa = PBXBuildFile; fileRef = 618B70532359390CDB5B2D34 /* View+toast.swift */; };
		5A263EC36B52CCD92750EF67 /* VinKeyboard.swift in Sources */ = {isa = PBXBuildFile; fileRef = 287AB1997F7A763BD6BFEF5B /* VinKeyboard.swift */; };
		5CC05EEA308234AABE368386 /* Array+rotated.swift in Sources */ = {isa = PBXBuildFile; fileRef = 7559A373DF492C117ACA4B9A /* Array+rotated.swift */; };
		5D54BBCECF1EF7768B5137CE /* ImageViewerManager.swift in Sources */ = {isa = PBXBuildFile; fileRef = 3EAD830FF6FECDF51C7EC0F1 /* ImageViewerManager.swift */; };
		5E83B02A6E9895B164DF5D5F /* BlurView.swift in Sources */ = {isa = PBXBuildFile; fileRef = 802EFB50AAAB01D705EBADE2 /* BlurView.swift */; };
		5FE4B2A869C1DC5B5D71AD68 /* Success.json in Resources */ = {isa = PBXBuildFile; fileRef = 46AAC4A254FE881DF1B94951 /* Success.json */; };
		625F0FEF941E0F4823A3C266 /* MemoryIntentPlanTests.swift in Sources */ = {isa = PBXBuildFile; fileRef = 276EFD09D2C5546F4BFB8EBA /* MemoryIntentPlanTests.swift */; };
		64A6033A34656A9A55AC92AC /* Date+tools.swift in Sources */ = {isa = PBXBuildFile; fileRef = FD55579B782394CFD188DD91 /* Date+tools.swift */; };
		6518178CDD475509A1668A3B /* LocationPermissionStore.swift in Sources */ = {isa = PBXBuildFile; fileRef = 06448451E7BE9F569323114A /* LocationPermissionStore.swift */; };
		6811329FCB304B05EB353422 /* Double+exten.swift in Sources */ = {isa = PBXBuildFile; fileRef = 08DAD98DA94619B8EBE43A77 /* Double+exten.swift */; };
		689EAD247BC211FF0B288B24 /* SQLiteVec.xcframework in Frameworks */ = {isa = PBXBuildFile; fileRef = ED12ADDCA911810BE597E2E1 /* SQLiteVec.xcframework */; };
		6954FB5D86163CF937537FB3 /* Kingfisher in Frameworks */ = {isa = PBXBuildFile; productRef = C50FDF99CDD65BF4BE78634D /* Kingfisher */; };
		6CA9DFF08E36751FB701A5DC /* Color+randomItemColor.swift in Sources */ = {isa = PBXBuildFile; fileRef = 5A26A4416AB0319B82575D6C /* Color+randomItemColor.swift */; };
		7035B1E6649314A7F5622042 /* HomeVoiceTranscriptAssemblerTests.swift in Sources */ = {isa = PBXBuildFile; fileRef = D3B9A9D9D482B7F60E263DA5 /* HomeVoiceTranscriptAssemblerTests.swift */; };
		71A16B6A5D9579F7EC51007B /* SpeechService.swift in Sources */ = {isa = PBXBuildFile; fileRef = E5E6234D1BAB9426EB471BCF /* SpeechService.swift */; };
		72C9112F58CC4624EA433A2E /* Gps.swift in Sources */ = {isa = PBXBuildFile; fileRef = 7D1BC3CFCA653F86B0C413D6 /* Gps.swift */; };
		78D1282A92C2BC632D6B0E62 /* VoiceActionView.swift in Sources */ = {isa = PBXBuildFile; fileRef = 1F91B0DD5D80425A3AF4EEAA /* VoiceActionView.swift */; };
		7994DFF02A6B22CB6AF0E6A4 /* VideoViewerManager.swift in Sources */ = {isa = PBXBuildFile; fileRef = 6C8AE8618CE8002275A79A3A /* VideoViewerManager.swift */; };
		7D083B2645A81CB6B5AE80C4 /* DeviceResource.swift in Sources */ = {isa = PBXBuildFile; fileRef = EABBC907F0FDA97D9614BCF1 /* DeviceResource.swift */; };
		84C76CA8769ED1B73B7615E2 /* SwiftMessages in Frameworks */ = {isa = PBXBuildFile; productRef = E014F15329552CE4F34F6001 /* SwiftMessages */; };
		88799049FC2C20CDEB1EF93A /* View+fontStyle.swift in Sources */ = {isa = PBXBuildFile; fileRef = CA4894EBEC26F455E25E1595 /* View+fontStyle.swift */; };
		899B373ABDDFB9699A8C1D8C /* View+SwipeActions.swift in Sources */ = {isa = PBXBuildFile; fileRef = FA39E7B21013F38185BBFD00 /* View+SwipeActions.swift */; };
		8A463CA8F08740568C05BBD6 /* delegateNotification.swift in Sources */ = {isa = PBXBuildFile; fileRef = EA7D068E8E34EA40052B6321 /* delegateNotification.swift */; };
		8A556632A12103110EBBB8DB /* MainView.vm.swift in Sources */ = {isa = PBXBuildFile; fileRef = 64EE75721E2076D68F2A8697 /* MainView.vm.swift */; };
		8A8211622A2A706AFF4D41E6 /* View+glassEffectBelow.swift in Sources */ = {isa = PBXBuildFile; fileRef = 073138F10B1B32E2033B98EE /* View+glassEffectBelow.swift */; };
		9122ECF5A1E2664281C03BC1 /* Copyable+copy.swift in Sources */ = {isa = PBXBuildFile; fileRef = 2727B8247822618DBCA2365A /* Copyable+copy.swift */; };
		9491BF611250F40D7EE35322 /* LoginLogoView.swift in Sources */ = {isa = PBXBuildFile; fileRef = 5530E0D3809BD717552C281A /* LoginLogoView.swift */; };
		95B88E03160CC5B3AC69A8EB /* Success.lottie in Resources */ = {isa = PBXBuildFile; fileRef = BAFDFB2DD56BFDBAD1213FD1 /* Success.lottie */; };
		97EF0445542F57037E175664 /* UserAPI.swift in Sources */ = {isa = PBXBuildFile; fileRef = 468BD6AEF889C1748F814EBB /* UserAPI.swift */; };
		9ABB1919037F06EA71BAD8D2 /* LazyView.swift in Sources */ = {isa = PBXBuildFile; fileRef = 5DF062E43463F9E3A368E0B6 /* LazyView.swift */; };
		9E4141E04F27F5AF8E3DE6E0 /* View+toPopover.swift in Sources */ = {isa = PBXBuildFile; fileRef = 839667A37B1A11EF6861373B /* View+toPopover.swift */; };
		A031D2687E6BE3E38AE1DABD /* View+hideScrollIndicators.swift in Sources */ = {isa = PBXBuildFile; fileRef = 48B0C983AA89D4212F871978 /* View+hideScrollIndicators.swift */; };
		A0D28AD184E847E4AA97E302 /* View+rotationIcon.swift in Sources */ = {isa = PBXBuildFile; fileRef = 2C0CCD83925B81940196051A /* View+rotationIcon.swift */; };
		A346090D061F7AA2CD0C81FB /* Lottie in Frameworks */ = {isa = PBXBuildFile; productRef = 31BD492FD73E659CC04017FE /* Lottie */; };
		A5ECE171DF4551718270E8C3 /* LoginAgreementView.swift in Sources */ = {isa = PBXBuildFile; fileRef = CFD180D7C6C69936845DBB30 /* LoginAgreementView.swift */; };
		A6141F3575FD0C76041D8FC9 /* AppNavigationStack.swift in Sources */ = {isa = PBXBuildFile; fileRef = 72EDAB590B1D32B14DE0D0D6 /* AppNavigationStack.swift */; };
		A791DD51F80F4AAA8AC8D91F /* WheelPicker.swift in Sources */ = {isa = PBXBuildFile; fileRef = D5ECD9AC956B416209CCF53C /* WheelPicker.swift */; };
		A7B35A9C607CC95AB827EE65 /* BasicWebView.swift in Sources */ = {isa = PBXBuildFile; fileRef = 546ED39AB4FADB5AC337D97A /* BasicWebView.swift */; };
		AAC7452FF5B4A0E48B1528AA /* UnreadBadge.swift in Sources */ = {isa = PBXBuildFile; fileRef = 8A3915DF2245E983E313EE8D /* UnreadBadge.swift */; };
		AD96307A9F737CF70753B5B3 /* LicensePlateKeyboard.swift in Sources */ = {isa = PBXBuildFile; fileRef = 78AD43937AE2D6AF8F5EB4E9 /* LicensePlateKeyboard.swift */; };
		ADE2234816B2860E7514D4CF /* LoginView.swift in Sources */ = {isa = PBXBuildFile; fileRef = 3FDA2FF5DD5ACE62862BCF03 /* LoginView.swift */; };
		AF80A2CF3FFCCDE07B6BCFC6 /* TextField+autoFocus.swift in Sources */ = {isa = PBXBuildFile; fileRef = AC36F2232D98F6E1A1DC6EFE /* TextField+autoFocus.swift */; };
		B209886EB4F5B80A9F09A13D /* MemoryAPI.swift in Sources */ = {isa = PBXBuildFile; fileRef = B6DA7A6A9F00548F6FB2D3FC /* MemoryAPI.swift */; };
		B429E8E0331B172150E25AD8 /* OrientationManager.swift in Sources */ = {isa = PBXBuildFile; fileRef = 03FAEFBEDC8F7B2D338B42C6 /* OrientationManager.swift */; };
		B441B50F4849272BAF964972 /* LocalNetworkPermissionStore.swift in Sources */ = {isa = PBXBuildFile; fileRef = 502D3E9BB7BA7FF84054B86D /* LocalNetworkPermissionStore.swift */; };
		B57EB20EC5DA08833A5B616A /* View+bottomSheet.swift in Sources */ = {isa = PBXBuildFile; fileRef = A0E782321DD214193F551CEE /* View+bottomSheet.swift */; };
		B5CAD50765327BF0C027A21A /* UmengService.swift in Sources */ = {isa = PBXBuildFile; fileRef = 9DD075FE3F361A05588716C0 /* UmengService.swift */; };
		B9A86939694777D1B93A0E59 /* delegateWechat.swift in Sources */ = {isa = PBXBuildFile; fileRef = 3104D7A052AB317BC94B97E4 /* delegateWechat.swift */; };
		BCE0A4D2C8508DF69C2678C3 /* NavHeader.swift in Sources */ = {isa = PBXBuildFile; fileRef = 15BDF40A9BDDFB19F876C29F /* NavHeader.swift */; };
		BD10F53D967A61EEBB869044 /* SQLite in Frameworks */ = {isa = PBXBuildFile; productRef = E4A4A474B601348C3668CF9A /* SQLite */; };
		C0829D34B872C52EE4DBE038 /* VoiceThinkView.swift in Sources */ = {isa = PBXBuildFile; fileRef = 83C5932850D2ADBF55414DD8 /* VoiceThinkView.swift */; };
		C27FCF4FB17AE9E36AA36B20 /* SQLiteVecBootstrap.swift in Sources */ = {isa = PBXBuildFile; fileRef = 712F426A50BF909FE22B66C5 /* SQLiteVecBootstrap.swift */; };
		C2FA58515742798C1F412A1A /* UIApplication+dismissKeyboard.swift in Sources */ = {isa = PBXBuildFile; fileRef = A7E354719614EA666CF5F28A /* UIApplication+dismissKeyboard.swift */; };
		C31F0C4B5BBA88C4103322E3 /* User.swift in Sources */ = {isa = PBXBuildFile; fileRef = 05E9D3273168AA95F279E17E /* User.swift */; };
		C4450E8594319E2C650604B3 /* MessageAPI.swift in Sources */ = {isa = PBXBuildFile; fileRef = DB39B71FE653C829C1D7B731 /* MessageAPI.swift */; };
		C492BD762CCF1F96E35ACF85 /* UIKitTextField.swift in Sources */ = {isa = PBXBuildFile; fileRef = 6BD1E7F934FAAAFB719118D6 /* UIKitTextField.swift */; };
		C5DA18B4804892D3D5D0DB9D /* MainView.v.swift in Sources */ = {isa = PBXBuildFile; fileRef = 245FCAC6B89AE566E9958B44 /* MainView.v.swift */; };
		C6829A97C51BE68B52718947 /* View+FullBrandButton.swift in Sources */ = {isa = PBXBuildFile; fileRef = 6CE69C127D034996F54D8691 /* View+FullBrandButton.swift */; };
		C8A255957696BCE03C3DA1E8 /* View+pickerBgReset.swift in Sources */ = {isa = PBXBuildFile; fileRef = 55EC7B520DCB4120253FCC43 /* View+pickerBgReset.swift */; };
		CCB6393040FB2E736DA53F9F /* Storage.swift in Sources */ = {isa = PBXBuildFile; fileRef = 707102ED28257EB5EE2939B4 /* Storage.swift */; };
		CF563EB095EB7DD91102A587 /* LoginView.vm.swift in Sources */ = {isa = PBXBuildFile; fileRef = 068AB5D0C96A5C640ECE8FFA /* LoginView.vm.swift */; };
		D000C97AA349E698775198BE /* Pods_MishuApp.framework in Frameworks */ = {isa = PBXBuildFile; fileRef = FD6F18A7468CF44FCA6F4A3A /* Pods_MishuApp.framework */; };
		D1C0500784D5A78BB92C053A /* View+toAnyView.swift in Sources */ = {isa = PBXBuildFile; fileRef = D8E86FD8E46E26113B058991 /* View+toAnyView.swift */; };
		D2E6CCFC603B7500E45A8A68 /* View+taskFor14.swift in Sources */ = {isa = PBXBuildFile; fileRef = CF4429E3353147F3FD9B8846 /* View+taskFor14.swift */; };
		D2F2AC1328859E18D0B4EB1C /* UINavigationController+gestureRecognizerShouldBegin.swift in Sources */ = {isa = PBXBuildFile; fileRef = 3D384E04F16020D2CF326318 /* UINavigationController+gestureRecognizerShouldBegin.swift */; };
		D58D3E359DA55CE1DD06E8F2 /* AppDatabase.swift in Sources */ = {isa = PBXBuildFile; fileRef = 48FCB6F05F7E9E7F243D85D5 /* AppDatabase.swift */; };
		D81F1E76B59836EE7CFB9B30 /* UIImage+resize.swift in Sources */ = {isa = PBXBuildFile; fileRef = 6CCFE4852FA963FA927BC1F7 /* UIImage+resize.swift */; };
		D84E054C55368163384DEB2E /* View+matchedGeometryEffectIfLet.swift in Sources */ = {isa = PBXBuildFile; fileRef = EC9BDFE481520DC0F1BD0E94 /* View+matchedGeometryEffectIfLet.swift */; };
		D919333D6678D7A5612089A6 /* LocalAlbumStore.swift in Sources */ = {isa = PBXBuildFile; fileRef = 98FAEB7CBFB73B23DCA8F802 /* LocalAlbumStore.swift */; };
		D9408D714C4FFE9638F692FC /* View+processControll.swift in Sources */ = {isa = PBXBuildFile; fileRef = 5C2CA37AEA0622DC49C801E9 /* View+processControll.swift */; };
		D9F194AEF3A7C1365B334555 /* VoiceRecorder.swift in Sources */ = {isa = PBXBuildFile; fileRef = D8A9BDAA88C9FDE70073985F /* VoiceRecorder.swift */; };
		DBEDD57BC88F46F12B919D0F /* TextAssembler.swift in Sources */ = {isa = PBXBuildFile; fileRef = 17D398FA157E07E7C6ADE4E6 /* TextAssembler.swift */; };
		E02F2BBC71DB77744BF615E6 /* View+popupTest.swift in Sources */ = {isa = PBXBuildFile; fileRef = EF3B1C097E7802ED289EB430 /* View+popupTest.swift */; };
		E4BB6D06DB4453A498EC06AA /* CancellableBag.swift in Sources */ = {isa = PBXBuildFile; fileRef = 97E8B165A6B9CB30D2E4477C /* CancellableBag.swift */; };
		E4E382213E23C404F8BE9386 /* MascotSectionView.swift in Sources */ = {isa = PBXBuildFile; fileRef = AB129E3E75440C24B3C00C78 /* MascotSectionView.swift */; };
		E537B2173569FFC931A57BC0 /* View+cssPadding.swift in Sources */ = {isa = PBXBuildFile; fileRef = C5FECF7FCDC61193C1E384F4 /* View+cssPadding.swift */; };
		E8B552F1CB6E2CA5DDEA9124 /* DoubaoChatAPI.swift in Sources */ = {isa = PBXBuildFile; fileRef = 9771E32B41D8845FA85247E9 /* DoubaoChatAPI.swift */; };
		EA9C1C28B99C359A7BB739E7 /* View+KeyboardDismissModifier.swift in Sources */ = {isa = PBXBuildFile; fileRef = 42D27527AFBFFA564061EE09 /* View+KeyboardDismissModifier.swift */; };
		EE88FED701D24DAF502BE4C3 /* View+shadow.swift in Sources */ = {isa = PBXBuildFile; fileRef = 0D5076130C1CE8117FD8EB3A /* View+shadow.swift */; };
		EFE37A1E9B71924557348B1A /* MemoryVectorStoreTests.swift in Sources */ = {isa = PBXBuildFile; fileRef = DF70799BB11361A715C2829C /* MemoryVectorStoreTests.swift */; };
		F0A0E6FCD01B694FC853F773 /* SecureTextField.swift in Sources */ = {isa = PBXBuildFile; fileRef = 49F50C366BAA0EB5879D1D21 /* SecureTextField.swift */; };
		F1665B4DA8D1CA101875C302 /* Assets.xcassets in Resources */ = {isa = PBXBuildFile; fileRef = AB469B7432C466BC2A56337F /* Assets.xcassets */; };
		F17521D3BB382791BF612F6D /* Color+Hex.swift in Sources */ = {isa = PBXBuildFile; fileRef = BEFF3611510DE9148A0D6438 /* Color+Hex.swift */; };
		F1CDE4B9822B519A6AD8B25B /* View+popup.swift in Sources */ = {isa = PBXBuildFile; fileRef = 69F7E18F0DFDE73F69962A4F /* View+popup.swift */; };
		F57429D0E30D2BCD92519155 /* LaunchScreen.storyboard in Resources */ = {isa = PBXBuildFile; fileRef = FCF58D5D473B0EB7E31FD7EB /* LaunchScreen.storyboard */; };
		F59CA40E7E2F45BB21055CE4 /* SQLiteVec.xcframework in Embed Frameworks */ = {isa = PBXBuildFile; fileRef = ED12ADDCA911810BE597E2E1 /* SQLiteVec.xcframework */; settings = {ATTRIBUTES = (CodeSignOnCopy, RemoveHeadersOnCopy, ); }; };
		F670DE75A01C93E91F6F1F75 /* MessageTable.swift in Sources */ = {isa = PBXBuildFile; fileRef = 69275A0F852F236D052AA8D2 /* MessageTable.swift */; };
		F873AACDE61AE0EB9DF80A08 /* MemoryVectorStore.swift in Sources */ = {isa = PBXBuildFile; fileRef = 22B26709292DCA925FA1378C /* MemoryVectorStore.swift */; };
		F88E3CD6C2B78E111FFE81A0 /* CameraPermissionStore.swift in Sources */ = {isa = PBXBuildFile; fileRef = 31731E49FDFAFDC1D7D9505C /* CameraPermissionStore.swift */; };
		F9215EDCBB8BA57F7C11B612 /* MessageStore.swift in Sources */ = {isa = PBXBuildFile; fileRef = 60FD508224DE4E937C29691F /* MessageStore.swift */; };
		F963FE40C8C8028A9F2985C8 /* AppDatabaseConfig.swift in Sources */ = {isa = PBXBuildFile; fileRef = 6D064E86CD3F0D139972F59F /* AppDatabaseConfig.swift */; };
		FA8F7B3B0FA5CA9C614364C0 /* NoticePermissionStore.swift in Sources */ = {isa = PBXBuildFile; fileRef = 9FC04AA8EF783B903DC6FDB4 /* NoticePermissionStore.swift */; };
		FEBEED4431E79257139F3087 /* SelfStore.swift in Sources */ = {isa = PBXBuildFile; fileRef = DF0BF6E56F2AB6489625F070 /* SelfStore.swift */; };
		FFAB03A14A0C84FEC8AC7DBD /* AppStateStore.swift in Sources */ = {isa = PBXBuildFile; fileRef = E929DDF98400CACD894E849E /* AppStateStore.swift */; };
/* End PBXBuildFile section */

/* Begin PBXContainerItemProxy section */
		8F4135A4283DDF9087C6CCBA /* PBXContainerItemProxy */ = {
			isa = PBXContainerItemProxy;
			containerPortal = D6D75EA408534C7017DF1A7C /* Project object */;
			proxyType = 1;
			remoteGlobalIDString = EC21A6BCB2C7EF1100958F1B;
			remoteInfo = MishuApp;
		};
		DB2D5B7ADD8669FA7FFB16DB /* PBXContainerItemProxy */ = {
			isa = PBXContainerItemProxy;
			containerPortal = D6D75EA408534C7017DF1A7C /* Project object */;
			proxyType = 1;
			remoteGlobalIDString = EC21A6BCB2C7EF1100958F1B;
			remoteInfo = MishuApp;
		};
/* End PBXContainerItemProxy section */

/* Begin PBXCopyFilesBuildPhase section */
		C55A6B9625DD1204216721B2 /* Embed Frameworks */ = {
			isa = PBXCopyFilesBuildPhase;
			buildActionMask = 2147483647;
			dstPath = "";
			dstSubfolderSpec = 10;
			files = (
				F59CA40E7E2F45BB21055CE4 /* SQLiteVec.xcframework in Embed Frameworks */,
			);
			name = "Embed Frameworks";
			runOnlyForDeploymentPostprocessing = 0;
		};
/* End PBXCopyFilesBuildPhase section */

/* Begin PBXFileReference section */
		03AC276DE0B20F7CDC169DA0 /* VoiceMemoryPipeline.swift */ = {isa = PBXFileReference; lastKnownFileType = sourcecode.swift; path = VoiceMemoryPipeline.swift; sourceTree = "<group>"; };
		03FAEFBEDC8F7B2D338B42C6 /* OrientationManager.swift */ = {isa = PBXFileReference; lastKnownFileType = sourcecode.swift; path = OrientationManager.swift; sourceTree = "<group>"; };
		05E9D3273168AA95F279E17E /* User.swift */ = {isa = PBXFileReference; lastKnownFileType = sourcecode.swift; path = User.swift; sourceTree = "<group>"; };
		06448451E7BE9F569323114A /* LocationPermissionStore.swift */ = {isa = PBXFileReference; lastKnownFileType = sourcecode.swift; path = LocationPermissionStore.swift; sourceTree = "<group>"; };
		068AB5D0C96A5C640ECE8FFA /* LoginView.vm.swift */ = {isa = PBXFileReference; lastKnownFileType = sourcecode.swift; path = LoginView.vm.swift; sourceTree = "<group>"; };
		073138F10B1B32E2033B98EE /* View+glassEffectBelow.swift */ = {isa = PBXFileReference; lastKnownFileType = sourcecode.swift; path = "View+glassEffectBelow.swift"; sourceTree = "<group>"; };
		074CF66FCCFB47272D4E2284 /* View+pickerAddBgColor.swift */ = {isa = PBXFileReference; lastKnownFileType = sourcecode.swift; path = "View+pickerAddBgColor.swift"; sourceTree = "<group>"; };
		08DAD98DA94619B8EBE43A77 /* Double+exten.swift */ = {isa = PBXFileReference; lastKnownFileType = sourcecode.swift; path = "Double+exten.swift"; sourceTree = "<group>"; };
		08F43B763B5336BF52C97F0E /* MishuApp.swift */ = {isa = PBXFileReference; lastKnownFileType = sourcecode.swift; path = MishuApp.swift; sourceTree = "<group>"; };
		0D5076130C1CE8117FD8EB3A /* View+shadow.swift */ = {isa = PBXFileReference; lastKnownFileType = sourcecode.swift; path = "View+shadow.swift"; sourceTree = "<group>"; };
		10F9DA5E6A398C3FE36C8DBA /* SQLiteVecIntegrationTests.swift */ = {isa = PBXFileReference; lastKnownFileType = sourcecode.swift; path = SQLiteVecIntegrationTests.swift; sourceTree = "<group>"; };
		13BBAE42DA576F46B6B1DB5B /* VoiceRippleView.swift */ = {isa = PBXFileReference; lastKnownFileType = sourcecode.swift; path = VoiceRippleView.swift; sourceTree = "<group>"; };
		15BDF40A9BDDFB19F876C29F /* NavHeader.swift */ = {isa = PBXFileReference; lastKnownFileType = sourcecode.swift; path = NavHeader.swift; sourceTree = "<group>"; };
		17D398FA157E07E7C6ADE4E6 /* TextAssembler.swift */ = {isa = PBXFileReference; lastKnownFileType = sourcecode.swift; path = TextAssembler.swift; sourceTree = "<group>"; };
		1E085146C880C5608E81A63B /* View+SafeArea.swift */ = {isa = PBXFileReference; lastKnownFileType = sourcecode.swift; path = "View+SafeArea.swift"; sourceTree = "<group>"; };
		1F91B0DD5D80425A3AF4EEAA /* VoiceActionView.swift */ = {isa = PBXFileReference; lastKnownFileType = sourcecode.swift; path = VoiceActionView.swift; sourceTree = "<group>"; };
		22B26709292DCA925FA1378C /* MemoryVectorStore.swift */ = {isa = PBXFileReference; lastKnownFileType = sourcecode.swift; path = MemoryVectorStore.swift; sourceTree = "<group>"; };
		245FCAC6B89AE566E9958B44 /* MainView.v.swift */ = {isa = PBXFileReference; lastKnownFileType = sourcecode.swift; path = MainView.v.swift; sourceTree = "<group>"; };
		26F9D6D44A1B34E30E66AD75 /* PageViewController.swift */ = {isa = PBXFileReference; lastKnownFileType = sourcecode.swift; path = PageViewController.swift; sourceTree = "<group>"; };
		2727B8247822618DBCA2365A /* Copyable+copy.swift */ = {isa = PBXFileReference; lastKnownFileType = sourcecode.swift; path = "Copyable+copy.swift"; sourceTree = "<group>"; };
		276EFD09D2C5546F4BFB8EBA /* MemoryIntentPlanTests.swift */ = {isa = PBXFileReference; lastKnownFileType = sourcecode.swift; path = MemoryIntentPlanTests.swift; sourceTree = "<group>"; };
		287AB1997F7A763BD6BFEF5B /* VinKeyboard.swift */ = {isa = PBXFileReference; lastKnownFileType = sourcecode.swift; path = VinKeyboard.swift; sourceTree = "<group>"; };
		2C0CCD83925B81940196051A /* View+rotationIcon.swift */ = {isa = PBXFileReference; lastKnownFileType = sourcecode.swift; path = "View+rotationIcon.swift"; sourceTree = "<group>"; };
		3052BD2C0FA99D0FF399429D /* KeyedDecodingContainer+safeDecode.swift */ = {isa = PBXFileReference; lastKnownFileType = sourcecode.swift; path = "KeyedDecodingContainer+safeDecode.swift"; sourceTree = "<group>"; };
		3104D7A052AB317BC94B97E4 /* delegateWechat.swift */ = {isa = PBXFileReference; lastKnownFileType = sourcecode.swift; path = delegateWechat.swift; sourceTree = "<group>"; };
		31731E49FDFAFDC1D7D9505C /* CameraPermissionStore.swift */ = {isa = PBXFileReference; lastKnownFileType = sourcecode.swift; path = CameraPermissionStore.swift; sourceTree = "<group>"; };
		353A6412F1515CD25FDE1112 /* delegateApplication.swift */ = {isa = PBXFileReference; lastKnownFileType = sourcecode.swift; path = delegateApplication.swift; sourceTree = "<group>"; };
		372706400EEFA2363F61251A /* UserAvatar.swift */ = {isa = PBXFileReference; lastKnownFileType = sourcecode.swift; path = UserAvatar.swift; sourceTree = "<group>"; };
		37C364910BF75CF4B4B88D02 /* LoginBackgroundView.swift */ = {isa = PBXFileReference; lastKnownFileType = sourcecode.swift; path = LoginBackgroundView.swift; sourceTree = "<group>"; };
		3B72822ECCFE58E04CEA7DFD /* RouteParser.swift */ = {isa = PBXFileReference; lastKnownFileType = sourcecode.swift; path = RouteParser.swift; sourceTree = "<group>"; };
		3D384E04F16020D2CF326318 /* UINavigationController+gestureRecognizerShouldBegin.swift */ = {isa = PBXFileReference; lastKnownFileType = sourcecode.swift; path = "UINavigationController+gestureRecognizerShouldBegin.swift"; sourceTree = "<group>"; };
		3EAD830FF6FECDF51C7EC0F1 /* ImageViewerManager.swift */ = {isa = PBXFileReference; lastKnownFileType = sourcecode.swift; path = ImageViewerManager.swift; sourceTree = "<group>"; };
		3FDA2FF5DD5ACE62862BCF03 /* LoginView.swift */ = {isa = PBXFileReference; lastKnownFileType = sourcecode.swift; path = LoginView.swift; sourceTree = "<group>"; };
		4285CF11D29EBB4755B728EB /* LocationService.swift */ = {isa = PBXFileReference; lastKnownFileType = sourcecode.swift; path = LocationService.swift; sourceTree = "<group>"; };
		42D27527AFBFFA564061EE09 /* View+KeyboardDismissModifier.swift */ = {isa = PBXFileReference; lastKnownFileType = sourcecode.swift; path = "View+KeyboardDismissModifier.swift"; sourceTree = "<group>"; };
		4310A01D1AC1284B8CAB25A4 /* Const.swift */ = {isa = PBXFileReference; lastKnownFileType = sourcecode.swift; path = Const.swift; sourceTree = "<group>"; };
		468BD6AEF889C1748F814EBB /* UserAPI.swift */ = {isa = PBXFileReference; lastKnownFileType = sourcecode.swift; path = UserAPI.swift; sourceTree = "<group>"; };
		46AAC4A254FE881DF1B94951 /* Success.json */ = {isa = PBXFileReference; lastKnownFileType = text.json; path = Success.json; sourceTree = "<group>"; };
		48B0C983AA89D4212F871978 /* View+hideScrollIndicators.swift */ = {isa = PBXFileReference; lastKnownFileType = sourcecode.swift; path = "View+hideScrollIndicators.swift"; sourceTree = "<group>"; };
		48C3866EF23B98D47D0C7CC5 /* String+extension.swift */ = {isa = PBXFileReference; lastKnownFileType = sourcecode.swift; path = "String+extension.swift"; sourceTree = "<group>"; };
		48FCB6F05F7E9E7F243D85D5 /* AppDatabase.swift */ = {isa = PBXFileReference; lastKnownFileType = sourcecode.swift; path = AppDatabase.swift; sourceTree = "<group>"; };
		49F50C366BAA0EB5879D1D21 /* SecureTextField.swift */ = {isa = PBXFileReference; lastKnownFileType = sourcecode.swift; path = SecureTextField.swift; sourceTree = "<group>"; };
		4D9CBE2EFBE8F8D262A7C7C7 /* APIClient.swift */ = {isa = PBXFileReference; lastKnownFileType = sourcecode.swift; path = APIClient.swift; sourceTree = "<group>"; };
		502D3E9BB7BA7FF84054B86D /* LocalNetworkPermissionStore.swift */ = {isa = PBXFileReference; lastKnownFileType = sourcecode.swift; path = LocalNetworkPermissionStore.swift; sourceTree = "<group>"; };
		5097B4DD8C56743B3CCF4F72 /* LoginActionView.swift */ = {isa = PBXFileReference; lastKnownFileType = sourcecode.swift; path = LoginActionView.swift; sourceTree = "<group>"; };
		546ED39AB4FADB5AC337D97A /* BasicWebView.swift */ = {isa = PBXFileReference; lastKnownFileType = sourcecode.swift; path = BasicWebView.swift; sourceTree = "<group>"; };
		5530E0D3809BD717552C281A /* LoginLogoView.swift */ = {isa = PBXFileReference; lastKnownFileType = sourcecode.swift; path = LoginLogoView.swift; sourceTree = "<group>"; };
		554F112E4ED3DD023F1AE7F2 /* AudioCapService.swift */ = {isa = PBXFileReference; lastKnownFileType = sourcecode.swift; path = AudioCapService.swift; sourceTree = "<group>"; };
		55EC7B520DCB4120253FCC43 /* View+pickerBgReset.swift */ = {isa = PBXFileReference; lastKnownFileType = sourcecode.swift; path = "View+pickerBgReset.swift"; sourceTree = "<group>"; };
		5A26A4416AB0319B82575D6C /* Color+randomItemColor.swift */ = {isa = PBXFileReference; lastKnownFileType = sourcecode.swift; path = "Color+randomItemColor.swift"; sourceTree = "<group>"; };
		5C2CA37AEA0622DC49C801E9 /* View+processControll.swift */ = {isa = PBXFileReference; lastKnownFileType = sourcecode.swift; path = "View+processControll.swift"; sourceTree = "<group>"; };
		5DF062E43463F9E3A368E0B6 /* LazyView.swift */ = {isa = PBXFileReference; lastKnownFileType = sourcecode.swift; path = LazyView.swift; sourceTree = "<group>"; };
		60FD508224DE4E937C29691F /* MessageStore.swift */ = {isa = PBXFileReference; lastKnownFileType = sourcecode.swift; path = MessageStore.swift; sourceTree = "<group>"; };
		618B70532359390CDB5B2D34 /* View+toast.swift */ = {isa = PBXFileReference; lastKnownFileType = sourcecode.swift; path = "View+toast.swift"; sourceTree = "<group>"; };
		631D21E7BC858AE3E33DD0B3 /* EnvironmentValues+Namespace.swift */ = {isa = PBXFileReference; lastKnownFileType = sourcecode.swift; path = "EnvironmentValues+Namespace.swift"; sourceTree = "<group>"; };
		64EE75721E2076D68F2A8697 /* MainView.vm.swift */ = {isa = PBXFileReference; lastKnownFileType = sourcecode.swift; path = MainView.vm.swift; sourceTree = "<group>"; };
		69275A0F852F236D052AA8D2 /* MessageTable.swift */ = {isa = PBXFileReference; lastKnownFileType = sourcecode.swift; path = MessageTable.swift; sourceTree = "<group>"; };
		69F7E18F0DFDE73F69962A4F /* View+popup.swift */ = {isa = PBXFileReference; lastKnownFileType = sourcecode.swift; path = "View+popup.swift"; sourceTree = "<group>"; };
		6BD1E7F934FAAAFB719118D6 /* UIKitTextField.swift */ = {isa = PBXFileReference; lastKnownFileType = sourcecode.swift; path = UIKitTextField.swift; sourceTree = "<group>"; };
		6C8AE8618CE8002275A79A3A /* VideoViewerManager.swift */ = {isa = PBXFileReference; lastKnownFileType = sourcecode.swift; path = VideoViewerManager.swift; sourceTree = "<group>"; };
		6CCFE4852FA963FA927BC1F7 /* UIImage+resize.swift */ = {isa = PBXFileReference; lastKnownFileType = sourcecode.swift; path = "UIImage+resize.swift"; sourceTree = "<group>"; };
		6CE69C127D034996F54D8691 /* View+FullBrandButton.swift */ = {isa = PBXFileReference; lastKnownFileType = sourcecode.swift; path = "View+FullBrandButton.swift"; sourceTree = "<group>"; };
		6D064E86CD3F0D139972F59F /* AppDatabaseConfig.swift */ = {isa = PBXFileReference; lastKnownFileType = sourcecode.swift; path = AppDatabaseConfig.swift; sourceTree = "<group>"; };
		707102ED28257EB5EE2939B4 /* Storage.swift */ = {isa = PBXFileReference; lastKnownFileType = sourcecode.swift; path = Storage.swift; sourceTree = "<group>"; };
		712F426A50BF909FE22B66C5 /* SQLiteVecBootstrap.swift */ = {isa = PBXFileReference; lastKnownFileType = sourcecode.swift; path = SQLiteVecBootstrap.swift; sourceTree = "<group>"; };
		72EDAB590B1D32B14DE0D0D6 /* AppNavigationStack.swift */ = {isa = PBXFileReference; lastKnownFileType = sourcecode.swift; path = AppNavigationStack.swift; sourceTree = "<group>"; };
		7559A373DF492C117ACA4B9A /* Array+rotated.swift */ = {isa = PBXFileReference; lastKnownFileType = sourcecode.swift; path = "Array+rotated.swift"; sourceTree = "<group>"; };
		78AD43937AE2D6AF8F5EB4E9 /* LicensePlateKeyboard.swift */ = {isa = PBXFileReference; lastKnownFileType = sourcecode.swift; path = LicensePlateKeyboard.swift; sourceTree = "<group>"; };
		7D1BC3CFCA653F86B0C413D6 /* Gps.swift */ = {isa = PBXFileReference; lastKnownFileType = sourcecode.swift; path = Gps.swift; sourceTree = "<group>"; };
		7DAC82D5863EA313442DE4EB /* AppRoute.swift */ = {isa = PBXFileReference; lastKnownFileType = sourcecode.swift; path = AppRoute.swift; sourceTree = "<group>"; };
		802977BCD5035302C08772DA /* MishuAppUITests.xctest */ = {isa = PBXFileReference; includeInIndex = 0; lastKnownFileType = wrapper.cfbundle; path = MishuAppUITests.xctest; sourceTree = BUILT_PRODUCTS_DIR; };
		802EFB50AAAB01D705EBADE2 /* BlurView.swift */ = {isa = PBXFileReference; lastKnownFileType = sourcecode.swift; path = BlurView.swift; sourceTree = "<group>"; };
		839667A37B1A11EF6861373B /* View+toPopover.swift */ = {isa = PBXFileReference; lastKnownFileType = sourcecode.swift; path = "View+toPopover.swift"; sourceTree = "<group>"; };
		83C5932850D2ADBF55414DD8 /* VoiceThinkView.swift */ = {isa = PBXFileReference; lastKnownFileType = sourcecode.swift; path = VoiceThinkView.swift; sourceTree = "<group>"; };
		84F828384D33BC9E4F62B434 /* MishuAppUITests.swift */ = {isa = PBXFileReference; lastKnownFileType = sourcecode.swift; path = MishuAppUITests.swift; sourceTree = "<group>"; };
		8A3915DF2245E983E313EE8D /* UnreadBadge.swift */ = {isa = PBXFileReference; lastKnownFileType = sourcecode.swift; path = UnreadBadge.swift; sourceTree = "<group>"; };
		8A7F09EA3B12CB5AA0B79459 /* DeinitDetector.swift */ = {isa = PBXFileReference; lastKnownFileType = sourcecode.swift; path = DeinitDetector.swift; sourceTree = "<group>"; };
		914ACDCA368BCDB58800C96B /* DoubaoEmbeddingAPI.swift */ = {isa = PBXFileReference; lastKnownFileType = sourcecode.swift; path = DoubaoEmbeddingAPI.swift; sourceTree = "<group>"; };
		9771E32B41D8845FA85247E9 /* DoubaoChatAPI.swift */ = {isa = PBXFileReference; lastKnownFileType = sourcecode.swift; path = DoubaoChatAPI.swift; sourceTree = "<group>"; };
		97E8B165A6B9CB30D2E4477C /* CancellableBag.swift */ = {isa = PBXFileReference; lastKnownFileType = sourcecode.swift; path = CancellableBag.swift; sourceTree = "<group>"; };
		98FAEB7CBFB73B23DCA8F802 /* LocalAlbumStore.swift */ = {isa = PBXFileReference; lastKnownFileType = sourcecode.swift; path = LocalAlbumStore.swift; sourceTree = "<group>"; };
		9C0B2C3E3CB4867E6439540C /* Color+brightness.swift */ = {isa = PBXFileReference; lastKnownFileType = sourcecode.swift; path = "Color+brightness.swift"; sourceTree = "<group>"; };
		9DD075FE3F361A05588716C0 /* UmengService.swift */ = {isa = PBXFileReference; lastKnownFileType = sourcecode.swift; path = UmengService.swift; sourceTree = "<group>"; };
		9FC04AA8EF783B903DC6FDB4 /* NoticePermissionStore.swift */ = {isa = PBXFileReference; lastKnownFileType = sourcecode.swift; path = NoticePermissionStore.swift; sourceTree = "<group>"; };
		A0E782321DD214193F551CEE /* View+bottomSheet.swift */ = {isa = PBXFileReference; lastKnownFileType = sourcecode.swift; path = "View+bottomSheet.swift"; sourceTree = "<group>"; };
		A76A602A343D7BFD2341AC09 /* LoginInputView.swift */ = {isa = PBXFileReference; lastKnownFileType = sourcecode.swift; path = LoginInputView.swift; sourceTree = "<group>"; };
		A77BCDE65B290D84302D2623 /* View+cornerRadius.swift */ = {isa = PBXFileReference; lastKnownFileType = sourcecode.swift; path = "View+cornerRadius.swift"; sourceTree = "<group>"; };
		A7E354719614EA666CF5F28A /* UIApplication+dismissKeyboard.swift */ = {isa = PBXFileReference; lastKnownFileType = sourcecode.swift; path = "UIApplication+dismissKeyboard.swift"; sourceTree = "<group>"; };
		AB129E3E75440C24B3C00C78 /* MascotSectionView.swift */ = {isa = PBXFileReference; lastKnownFileType = sourcecode.swift; path = MascotSectionView.swift; sourceTree = "<group>"; };
		AB469B7432C466BC2A56337F /* Assets.xcassets */ = {isa = PBXFileReference; lastKnownFileType = folder.assetcatalog; path = Assets.xcassets; sourceTree = "<group>"; };
		ABE846109D38237FC8E25DE9 /* String+timeValid.swift */ = {isa = PBXFileReference; lastKnownFileType = sourcecode.swift; path = "String+timeValid.swift"; sourceTree = "<group>"; };
		AC36F2232D98F6E1A1DC6EFE /* TextField+autoFocus.swift */ = {isa = PBXFileReference; lastKnownFileType = sourcecode.swift; path = "TextField+autoFocus.swift"; sourceTree = "<group>"; };
		B6DA7A6A9F00548F6FB2D3FC /* MemoryAPI.swift */ = {isa = PBXFileReference; lastKnownFileType = sourcecode.swift; path = MemoryAPI.swift; sourceTree = "<group>"; };
		B9FB86CA466D924F04CED1F6 /* AsrModel.swift */ = {isa = PBXFileReference; lastKnownFileType = sourcecode.swift; path = AsrModel.swift; sourceTree = "<group>"; };
		BAFDFB2DD56BFDBAD1213FD1 /* Success.lottie */ = {isa = PBXFileReference; path = Success.lottie; sourceTree = "<group>"; };
		BCB542975D977FA39DFA91C3 /* Pods-MishuApp.debug.xcconfig */ = {isa = PBXFileReference; includeInIndex = 1; lastKnownFileType = text.xcconfig; name = "Pods-MishuApp.debug.xcconfig"; path = "Target Support Files/Pods-MishuApp/Pods-MishuApp.debug.xcconfig"; sourceTree = "<group>"; };
		BEFF3611510DE9148A0D6438 /* Color+Hex.swift */ = {isa = PBXFileReference; lastKnownFileType = sourcecode.swift; path = "Color+Hex.swift"; sourceTree = "<group>"; };
		C5FECF7FCDC61193C1E384F4 /* View+cssPadding.swift */ = {isa = PBXFileReference; lastKnownFileType = sourcecode.swift; path = "View+cssPadding.swift"; sourceTree = "<group>"; };
		CA4894EBEC26F455E25E1595 /* View+fontStyle.swift */ = {isa = PBXFileReference; lastKnownFileType = sourcecode.swift; path = "View+fontStyle.swift"; sourceTree = "<group>"; };
		CA683770F6C617A1B10B1729 /* Pods-MishuApp.release.xcconfig */ = {isa = PBXFileReference; includeInIndex = 1; lastKnownFileType = text.xcconfig; name = "Pods-MishuApp.release.xcconfig"; path = "Target Support Files/Pods-MishuApp/Pods-MishuApp.release.xcconfig"; sourceTree = "<group>"; };
		CF4429E3353147F3FD9B8846 /* View+taskFor14.swift */ = {isa = PBXFileReference; lastKnownFileType = sourcecode.swift; path = "View+taskFor14.swift"; sourceTree = "<group>"; };
		CFD180D7C6C69936845DBB30 /* LoginAgreementView.swift */ = {isa = PBXFileReference; lastKnownFileType = sourcecode.swift; path = LoginAgreementView.swift; sourceTree = "<group>"; };
		D3B9A9D9D482B7F60E263DA5 /* HomeVoiceTranscriptAssemblerTests.swift */ = {isa = PBXFileReference; lastKnownFileType = sourcecode.swift; path = HomeVoiceTranscriptAssemblerTests.swift; sourceTree = "<group>"; };
		D42BDD8937BF05E1DB4F7B25 /* MishuAppTests.xctest */ = {isa = PBXFileReference; includeInIndex = 0; lastKnownFileType = wrapper.cfbundle; path = MishuAppTests.xctest; sourceTree = BUILT_PRODUCTS_DIR; };
		D5ECD9AC956B416209CCF53C /* WheelPicker.swift */ = {isa = PBXFileReference; lastKnownFileType = sourcecode.swift; path = WheelPicker.swift; sourceTree = "<group>"; };
		D8A9BDAA88C9FDE70073985F /* VoiceRecorder.swift */ = {isa = PBXFileReference; lastKnownFileType = sourcecode.swift; path = VoiceRecorder.swift; sourceTree = "<group>"; };
		D8E86FD8E46E26113B058991 /* View+toAnyView.swift */ = {isa = PBXFileReference; lastKnownFileType = sourcecode.swift; path = "View+toAnyView.swift"; sourceTree = "<group>"; };
		DB39B71FE653C829C1D7B731 /* MessageAPI.swift */ = {isa = PBXFileReference; lastKnownFileType = sourcecode.swift; path = MessageAPI.swift; sourceTree = "<group>"; };
		DF0BF6E56F2AB6489625F070 /* SelfStore.swift */ = {isa = PBXFileReference; lastKnownFileType = sourcecode.swift; path = SelfStore.swift; sourceTree = "<group>"; };
		DF70799BB11361A715C2829C /* MemoryVectorStoreTests.swift */ = {isa = PBXFileReference; lastKnownFileType = sourcecode.swift; path = MemoryVectorStoreTests.swift; sourceTree = "<group>"; };
		E3D4AE05031728CA42ED6D5D /* SocketMessage.swift */ = {isa = PBXFileReference; lastKnownFileType = sourcecode.swift; path = SocketMessage.swift; sourceTree = "<group>"; };
		E46A655DB9CB57294BFF38F5 /* AMap-Bridging-Header.h */ = {isa = PBXFileReference; lastKnownFileType = sourcecode.c.h; path = "AMap-Bridging-Header.h"; sourceTree = "<group>"; };
		E56EFDC17E38C4E6BF071684 /* View+keyboardAvoiding.swift */ = {isa = PBXFileReference; lastKnownFileType = sourcecode.swift; path = "View+keyboardAvoiding.swift"; sourceTree = "<group>"; };
		E5E6234D1BAB9426EB471BCF /* SpeechService.swift */ = {isa = PBXFileReference; lastKnownFileType = sourcecode.swift; path = SpeechService.swift; sourceTree = "<group>"; };
		E73EE73297C489B4F9812EBC /* LicensePlateInputView.swift */ = {isa = PBXFileReference; lastKnownFileType = sourcecode.swift; path = LicensePlateInputView.swift; sourceTree = "<group>"; };
		E929DDF98400CACD894E849E /* AppStateStore.swift */ = {isa = PBXFileReference; lastKnownFileType = sourcecode.swift; path = AppStateStore.swift; sourceTree = "<group>"; };
		EA7D068E8E34EA40052B6321 /* delegateNotification.swift */ = {isa = PBXFileReference; lastKnownFileType = sourcecode.swift; path = delegateNotification.swift; sourceTree = "<group>"; };
		EABBC907F0FDA97D9614BCF1 /* DeviceResource.swift */ = {isa = PBXFileReference; lastKnownFileType = sourcecode.swift; path = DeviceResource.swift; sourceTree = "<group>"; };
		EB7999A31D2B60C18AEDCDB1 /* MishuApp.app */ = {isa = PBXFileReference; includeInIndex = 0; lastKnownFileType = wrapper.application; path = MishuApp.app; sourceTree = BUILT_PRODUCTS_DIR; };
		EC9BDFE481520DC0F1BD0E94 /* View+matchedGeometryEffectIfLet.swift */ = {isa = PBXFileReference; lastKnownFileType = sourcecode.swift; path = "View+matchedGeometryEffectIfLet.swift"; sourceTree = "<group>"; };
		ED12ADDCA911810BE597E2E1 /* SQLiteVec.xcframework */ = {isa = PBXFileReference; lastKnownFileType = wrapper.xcframework; name = SQLiteVec.xcframework; path = "Vendor/sqlite-vec/SQLiteVec.xcframework"; sourceTree = "<group>"; };
		EE0671FC51D99DBDC970F529 /* BusinessError.swift */ = {isa = PBXFileReference; lastKnownFileType = sourcecode.swift; path = BusinessError.swift; sourceTree = "<group>"; };
		EED1B4C6B894054AEA1AC551 /* View+onDragWithEnd.swift */ = {isa = PBXFileReference; lastKnownFileType = sourcecode.swift; path = "View+onDragWithEnd.swift"; sourceTree = "<group>"; };
		EF3B1C097E7802ED289EB430 /* View+popupTest.swift */ = {isa = PBXFileReference; lastKnownFileType = sourcecode.swift; path = "View+popupTest.swift"; sourceTree = "<group>"; };
		F20BAA1E3296CCCA926127B6 /* AppNavigationModel.swift */ = {isa = PBXFileReference; lastKnownFileType = sourcecode.swift; path = AppNavigationModel.swift; sourceTree = "<group>"; };
		F6D2B0C64471C4CCFBCC3221 /* MemoryTable.swift */ = {isa = PBXFileReference; lastKnownFileType = sourcecode.swift; path = MemoryTable.swift; sourceTree = "<group>"; };
		FA39E7B21013F38185BBFD00 /* View+SwipeActions.swift */ = {isa = PBXFileReference; lastKnownFileType = sourcecode.swift; path = "View+SwipeActions.swift"; sourceTree = "<group>"; };
		FCF58D5D473B0EB7E31FD7EB /* LaunchScreen.storyboard */ = {isa = PBXFileReference; lastKnownFileType = file.storyboard; path = LaunchScreen.storyboard; sourceTree = "<group>"; };
		FD55579B782394CFD188DD91 /* Date+tools.swift */ = {isa = PBXFileReference; lastKnownFileType = sourcecode.swift; path = "Date+tools.swift"; sourceTree = "<group>"; };
		FD6F18A7468CF44FCA6F4A3A /* Pods_MishuApp.framework */ = {isa = PBXFileReference; explicitFileType = wrapper.framework; includeInIndex = 0; path = Pods_MishuApp.framework; sourceTree = BUILT_PRODUCTS_DIR; };
		FE18431A86D0A8E60222256A /* Theme.swift */ = {isa = PBXFileReference; lastKnownFileType = sourcecode.swift; path = Theme.swift; sourceTree = "<group>"; };
		FF9568547873C692FE153296 /* Calendar+relativeDateString.swift */ = {isa = PBXFileReference; lastKnownFileType = sourcecode.swift; path = "Calendar+relativeDateString.swift"; sourceTree = "<group>"; };
/* End PBXFileReference section */

/* Begin PBXFrameworksBuildPhase section */
		4D23B3AFD8D791F0174E8D7F /* Frameworks */ = {
			isa = PBXFrameworksBuildPhase;
			buildActionMask = 2147483647;
			files = (
				84C76CA8769ED1B73B7615E2 /* SwiftMessages in Frameworks */,
				6954FB5D86163CF937537FB3 /* Kingfisher in Frameworks */,
				1BD83826590CC2971450E121 /* ImageViewer in Frameworks */,
				A346090D061F7AA2CD0C81FB /* Lottie in Frameworks */,
				BD10F53D967A61EEBB869044 /* SQLite in Frameworks */,
				689EAD247BC211FF0B288B24 /* SQLiteVec.xcframework in Frameworks */,
				D000C97AA349E698775198BE /* Pods_MishuApp.framework in Frameworks */,
			);
			runOnlyForDeploymentPostprocessing = 0;
		};
/* End PBXFrameworksBuildPhase section */

/* Begin PBXGroup section */
		0D9E7C090745599F708FFEF2 /* VoiceAnimations */ = {
			isa = PBXGroup;
			children = (
				13BBAE42DA576F46B6B1DB5B /* VoiceRippleView.swift */,
				83C5932850D2ADBF55414DD8 /* VoiceThinkView.swift */,
			);
			path = VoiceAnimations;
			sourceTree = "<group>";
		};
		2982765E6E4F6CAA1B614313 /* Services */ = {
			isa = PBXGroup;
			children = (
				707102ED28257EB5EE2939B4 /* Storage.swift */,
				9DD075FE3F361A05588716C0 /* UmengService.swift */,
			);
			path = Services;
			sourceTree = "<group>";
		};
		2DF4D7C99149176BCA09F8E7 /* Main */ = {
			isa = PBXGroup;
			children = (
				245FCAC6B89AE566E9958B44 /* MainView.v.swift */,
				64EE75721E2076D68F2A8697 /* MainView.vm.swift */,
				8E91342B3E023AA3982A7513 /* Components */,
				F1342555702788D3845463B5 /* Models */,
				999AC10177E122AF183FFB06 /* Services */,
			);
			path = Main;
			sourceTree = "<group>";
		};
		3C99760B79249F8A38BFD574 /* Resources */ = {
			isa = PBXGroup;
			children = (
				AB469B7432C466BC2A56337F /* Assets.xcassets */,
				FCF58D5D473B0EB7E31FD7EB /* LaunchScreen.storyboard */,
				46AAC4A254FE881DF1B94951 /* Success.json */,
				BAFDFB2DD56BFDBAD1213FD1 /* Success.lottie */,
			);
			path = Resources;
			sourceTree = "<group>";
		};
		5564364F6EB05C661C2BA062 /* Login */ = {
			isa = PBXGroup;
			children = (
				3FDA2FF5DD5ACE62862BCF03 /* LoginView.swift */,
				068AB5D0C96A5C640ECE8FFA /* LoginView.vm.swift */,
				AFBE122C3623489248ACE45A /* Component */,
			);
			path = Login;
			sourceTree = "<group>";
		};
		55A6D2866A06B014DF2ADA5F /* Extensions */ = {
			isa = PBXGroup;
			children = (
				7559A373DF492C117ACA4B9A /* Array+rotated.swift */,
				FF9568547873C692FE153296 /* Calendar+relativeDateString.swift */,
				9C0B2C3E3CB4867E6439540C /* Color+brightness.swift */,
				BEFF3611510DE9148A0D6438 /* Color+Hex.swift */,
				5A26A4416AB0319B82575D6C /* Color+randomItemColor.swift */,
				2727B8247822618DBCA2365A /* Copyable+copy.swift */,
				FD55579B782394CFD188DD91 /* Date+tools.swift */,
				08DAD98DA94619B8EBE43A77 /* Double+exten.swift */,
				631D21E7BC858AE3E33DD0B3 /* EnvironmentValues+Namespace.swift */,
				3052BD2C0FA99D0FF399429D /* KeyedDecodingContainer+safeDecode.swift */,
				48C3866EF23B98D47D0C7CC5 /* String+extension.swift */,
				ABE846109D38237FC8E25DE9 /* String+timeValid.swift */,
				AC36F2232D98F6E1A1DC6EFE /* TextField+autoFocus.swift */,
				A7E354719614EA666CF5F28A /* UIApplication+dismissKeyboard.swift */,
				6CCFE4852FA963FA927BC1F7 /* UIImage+resize.swift */,
				3D384E04F16020D2CF326318 /* UINavigationController+gestureRecognizerShouldBegin.swift */,
				A0E782321DD214193F551CEE /* View+bottomSheet.swift */,
				A77BCDE65B290D84302D2623 /* View+cornerRadius.swift */,
				C5FECF7FCDC61193C1E384F4 /* View+cssPadding.swift */,
				CA4894EBEC26F455E25E1595 /* View+fontStyle.swift */,
				073138F10B1B32E2033B98EE /* View+glassEffectBelow.swift */,
				48B0C983AA89D4212F871978 /* View+hideScrollIndicators.swift */,
				E56EFDC17E38C4E6BF071684 /* View+keyboardAvoiding.swift */,
				42D27527AFBFFA564061EE09 /* View+KeyboardDismissModifier.swift */,
				EC9BDFE481520DC0F1BD0E94 /* View+matchedGeometryEffectIfLet.swift */,
				EED1B4C6B894054AEA1AC551 /* View+onDragWithEnd.swift */,
				074CF66FCCFB47272D4E2284 /* View+pickerAddBgColor.swift */,
				55EC7B520DCB4120253FCC43 /* View+pickerBgReset.swift */,
				69F7E18F0DFDE73F69962A4F /* View+popup.swift */,
				EF3B1C097E7802ED289EB430 /* View+popupTest.swift */,
				5C2CA37AEA0622DC49C801E9 /* View+processControll.swift */,
				2C0CCD83925B81940196051A /* View+rotationIcon.swift */,
				1E085146C880C5608E81A63B /* View+SafeArea.swift */,
				0D5076130C1CE8117FD8EB3A /* View+shadow.swift */,
				FA39E7B21013F38185BBFD00 /* View+SwipeActions.swift */,
				CF4429E3353147F3FD9B8846 /* View+taskFor14.swift */,
				D8E86FD8E46E26113B058991 /* View+toAnyView.swift */,
				618B70532359390CDB5B2D34 /* View+toast.swift */,
				839667A37B1A11EF6861373B /* View+toPopover.swift */,
				D5ECD9AC956B416209CCF53C /* WheelPicker.swift */,
			);
			path = Extensions;
			sourceTree = "<group>";
		};
		71DEA75AA51B50493F081038 /* Products */ = {
			isa = PBXGroup;
			children = (
				EB7999A31D2B60C18AEDCDB1 /* MishuApp.app */,
				D42BDD8937BF05E1DB4F7B25 /* MishuAppTests.xctest */,
				802977BCD5035302C08772DA /* MishuAppUITests.xctest */,
			);
			name = Products;
			sourceTree = "<group>";
		};
		7A626EE2AB303278AEB7671D /* Web */ = {
			isa = PBXGroup;
			children = (
				546ED39AB4FADB5AC337D97A /* BasicWebView.swift */,
			);
			path = Web;
			sourceTree = "<group>";
		};
		7B330FAE57703F3C5FB48D28 = {
			isa = PBXGroup;
			children = (
				7D15C0C0E13CE4BD7739B9BF /* App */,
				3C99760B79249F8A38BFD574 /* Resources */,
				F54D5BBFBF95C147DFA64B69 /* UI */,
				C01BE3C61FFB8B861C1C8C40 /* Unit */,
				7DE5CAFE41C55DEE8C1F0B4A /* Frameworks */,
				71DEA75AA51B50493F081038 /* Products */,
				C181F6EEBDEBAF40177BD46D /* Pods */,
			);
			sourceTree = "<group>";
		};
		7CF24F188160184770A610DD /* Database */ = {
			isa = PBXGroup;
			children = (
				48FCB6F05F7E9E7F243D85D5 /* AppDatabase.swift */,
				6D064E86CD3F0D139972F59F /* AppDatabaseConfig.swift */,
				F6D2B0C64471C4CCFBCC3221 /* MemoryTable.swift */,
				22B26709292DCA925FA1378C /* MemoryVectorStore.swift */,
				69275A0F852F236D052AA8D2 /* MessageTable.swift */,
				712F426A50BF909FE22B66C5 /* SQLiteVecBootstrap.swift */,
			);
			path = Database;
			sourceTree = "<group>";
		};
		7D15C0C0E13CE4BD7739B9BF /* App */ = {
			isa = PBXGroup;
			children = (
				E46A655DB9CB57294BFF38F5 /* AMap-Bridging-Header.h */,
				4310A01D1AC1284B8CAB25A4 /* Const.swift */,
				353A6412F1515CD25FDE1112 /* delegateApplication.swift */,
				EA7D068E8E34EA40052B6321 /* delegateNotification.swift */,
				3104D7A052AB317BC94B97E4 /* delegateWechat.swift */,
				08F43B763B5336BF52C97F0E /* MishuApp.swift */,
				FE18431A86D0A8E60222256A /* Theme.swift */,
				F0087C8A62B04070C5C39A8B /* API */,
				D144530CB31F685C37F6BD2B /* Components */,
				7CF24F188160184770A610DD /* Database */,
				C37CB2A52AC186507E5DEFBB /* Models */,
				8800E11072AF87C69ED72C50 /* Navigation */,
				823150AADE3B003FB7096195 /* Pages */,
				2982765E6E4F6CAA1B614313 /* Services */,
				8C776BD1D7DEBCFD4AE4B70B /* Store */,
				96CC49613744AF6430E6A32F /* Utils */,
			);
			path = App;
			sourceTree = "<group>";
		};
		7DE5CAFE41C55DEE8C1F0B4A /* Frameworks */ = {
			isa = PBXGroup;
			children = (
				ED12ADDCA911810BE597E2E1 /* SQLiteVec.xcframework */,
				FD6F18A7468CF44FCA6F4A3A /* Pods_MishuApp.framework */,
			);
			name = Frameworks;
			sourceTree = "<group>";
		};
		823150AADE3B003FB7096195 /* Pages */ = {
			isa = PBXGroup;
			children = (
				5564364F6EB05C661C2BA062 /* Login */,
				2DF4D7C99149176BCA09F8E7 /* Main */,
				7A626EE2AB303278AEB7671D /* Web */,
			);
			path = Pages;
			sourceTree = "<group>";
		};
		8800E11072AF87C69ED72C50 /* Navigation */ = {
			isa = PBXGroup;
			children = (
				F20BAA1E3296CCCA926127B6 /* AppNavigationModel.swift */,
				72EDAB590B1D32B14DE0D0D6 /* AppNavigationStack.swift */,
				7DAC82D5863EA313442DE4EB /* AppRoute.swift */,
				3B72822ECCFE58E04CEA7DFD /* RouteParser.swift */,
			);
			path = Navigation;
			sourceTree = "<group>";
		};
		8C776BD1D7DEBCFD4AE4B70B /* Store */ = {
			isa = PBXGroup;
			children = (
				E929DDF98400CACD894E849E /* AppStateStore.swift */,
				31731E49FDFAFDC1D7D9505C /* CameraPermissionStore.swift */,
				98FAEB7CBFB73B23DCA8F802 /* LocalAlbumStore.swift */,
				502D3E9BB7BA7FF84054B86D /* LocalNetworkPermissionStore.swift */,
				06448451E7BE9F569323114A /* LocationPermissionStore.swift */,
				60FD508224DE4E937C29691F /* MessageStore.swift */,
				9FC04AA8EF783B903DC6FDB4 /* NoticePermissionStore.swift */,
				DF0BF6E56F2AB6489625F070 /* SelfStore.swift */,
			);
			path = Store;
			sourceTree = "<group>";
		};
		8E91342B3E023AA3982A7513 /* Components */ = {
			isa = PBXGroup;
			children = (
				AB129E3E75440C24B3C00C78 /* MascotSectionView.swift */,
				1F91B0DD5D80425A3AF4EEAA /* VoiceActionView.swift */,
				0D9E7C090745599F708FFEF2 /* VoiceAnimations */,
			);
			path = Components;
			sourceTree = "<group>";
		};
		96CC49613744AF6430E6A32F /* Utils */ = {
			isa = PBXGroup;
			children = (
				97E8B165A6B9CB30D2E4477C /* CancellableBag.swift */,
				8A7F09EA3B12CB5AA0B79459 /* DeinitDetector.swift */,
				5DF062E43463F9E3A368E0B6 /* LazyView.swift */,
				4285CF11D29EBB4755B728EB /* LocationService.swift */,
				55A6D2866A06B014DF2ADA5F /* Extensions */,
			);
			path = Utils;
			sourceTree = "<group>";
		};
		999AC10177E122AF183FFB06 /* Services */ = {
			isa = PBXGroup;
			children = (
				554F112E4ED3DD023F1AE7F2 /* AudioCapService.swift */,
				E5E6234D1BAB9426EB471BCF /* SpeechService.swift */,
				17D398FA157E07E7C6ADE4E6 /* TextAssembler.swift */,
				03AC276DE0B20F7CDC169DA0 /* VoiceMemoryPipeline.swift */,
				D8A9BDAA88C9FDE70073985F /* VoiceRecorder.swift */,
			);
			path = Services;
			sourceTree = "<group>";
		};
		AFBE122C3623489248ACE45A /* Component */ = {
			isa = PBXGroup;
			children = (
				5097B4DD8C56743B3CCF4F72 /* LoginActionView.swift */,
				CFD180D7C6C69936845DBB30 /* LoginAgreementView.swift */,
				37C364910BF75CF4B4B88D02 /* LoginBackgroundView.swift */,
				A76A602A343D7BFD2341AC09 /* LoginInputView.swift */,
				5530E0D3809BD717552C281A /* LoginLogoView.swift */,
			);
			path = Component;
			sourceTree = "<group>";
		};
		C01BE3C61FFB8B861C1C8C40 /* Unit */ = {
			isa = PBXGroup;
			children = (
				D3B9A9D9D482B7F60E263DA5 /* HomeVoiceTranscriptAssemblerTests.swift */,
				276EFD09D2C5546F4BFB8EBA /* MemoryIntentPlanTests.swift */,
				DF70799BB11361A715C2829C /* MemoryVectorStoreTests.swift */,
				10F9DA5E6A398C3FE36C8DBA /* SQLiteVecIntegrationTests.swift */,
			);
			name = Unit;
			path = Tests/Unit;
			sourceTree = "<group>";
		};
		C181F6EEBDEBAF40177BD46D /* Pods */ = {
			isa = PBXGroup;
			children = (
				BCB542975D977FA39DFA91C3 /* Pods-MishuApp.debug.xcconfig */,
				CA683770F6C617A1B10B1729 /* Pods-MishuApp.release.xcconfig */,
			);
			name = Pods;
			path = Pods;
			sourceTree = "<group>";
		};
		C29ED4B1928D82B6B0FED1C4 /* Modifier */ = {
			isa = PBXGroup;
			children = (
				6CE69C127D034996F54D8691 /* View+FullBrandButton.swift */,
			);
			path = Modifier;
			sourceTree = "<group>";
		};
		C37CB2A52AC186507E5DEFBB /* Models */ = {
			isa = PBXGroup;
			children = (
				EE0671FC51D99DBDC970F529 /* BusinessError.swift */,
				EABBC907F0FDA97D9614BCF1 /* DeviceResource.swift */,
				7D1BC3CFCA653F86B0C413D6 /* Gps.swift */,
				E3D4AE05031728CA42ED6D5D /* SocketMessage.swift */,
				05E9D3273168AA95F279E17E /* User.swift */,
			);
			path = Models;
			sourceTree = "<group>";
		};
		D144530CB31F685C37F6BD2B /* Components */ = {
			isa = PBXGroup;
			children = (
				802EFB50AAAB01D705EBADE2 /* BlurView.swift */,
				3EAD830FF6FECDF51C7EC0F1 /* ImageViewerManager.swift */,
				E73EE73297C489B4F9812EBC /* LicensePlateInputView.swift */,
				78AD43937AE2D6AF8F5EB4E9 /* LicensePlateKeyboard.swift */,
				15BDF40A9BDDFB19F876C29F /* NavHeader.swift */,
				03FAEFBEDC8F7B2D338B42C6 /* OrientationManager.swift */,
				26F9D6D44A1B34E30E66AD75 /* PageViewController.swift */,
				49F50C366BAA0EB5879D1D21 /* SecureTextField.swift */,
				6BD1E7F934FAAAFB719118D6 /* UIKitTextField.swift */,
				8A3915DF2245E983E313EE8D /* UnreadBadge.swift */,
				372706400EEFA2363F61251A /* UserAvatar.swift */,
				6C8AE8618CE8002275A79A3A /* VideoViewerManager.swift */,
				287AB1997F7A763BD6BFEF5B /* VinKeyboard.swift */,
				C29ED4B1928D82B6B0FED1C4 /* Modifier */,
			);
			path = Components;
			sourceTree = "<group>";
		};
		F0087C8A62B04070C5C39A8B /* API */ = {
			isa = PBXGroup;
			children = (
				4D9CBE2EFBE8F8D262A7C7C7 /* APIClient.swift */,
				9771E32B41D8845FA85247E9 /* DoubaoChatAPI.swift */,
				914ACDCA368BCDB58800C96B /* DoubaoEmbeddingAPI.swift */,
				B6DA7A6A9F00548F6FB2D3FC /* MemoryAPI.swift */,
				DB39B71FE653C829C1D7B731 /* MessageAPI.swift */,
				468BD6AEF889C1748F814EBB /* UserAPI.swift */,
			);
			path = API;
			sourceTree = "<group>";
		};
		F1342555702788D3845463B5 /* Models */ = {
			isa = PBXGroup;
			children = (
				B9FB86CA466D924F04CED1F6 /* AsrModel.swift */,
			);
			path = Models;
			sourceTree = "<group>";
		};
		F54D5BBFBF95C147DFA64B69 /* UI */ = {
			isa = PBXGroup;
			children = (
				84F828384D33BC9E4F62B434 /* MishuAppUITests.swift */,
			);
			name = UI;
			path = Tests/UI;
			sourceTree = "<group>";
		};
/* End PBXGroup section */

/* Begin PBXNativeTarget section */
		B926751AC9C2DF24264D496E /* MishuAppUITests */ = {
			isa = PBXNativeTarget;
			buildConfigurationList = 076303195B043AEAD115B018 /* Build configuration list for PBXNativeTarget "MishuAppUITests" */;
			buildPhases = (
				5F4765EE92503672FF2F3FA3 /* Sources */,
			);
			buildRules = (
			);
			dependencies = (
				A6314545CD08D46D5821D7C0 /* PBXTargetDependency */,
			);
			name = MishuAppUITests;
			productName = MishuAppUITests;
			productReference = 802977BCD5035302C08772DA /* MishuAppUITests.xctest */;
			productType = "com.apple.product-type.bundle.ui-testing";
		};
		BE46818425FC5C9A1392BF7B /* MishuAppTests */ = {
			isa = PBXNativeTarget;
			buildConfigurationList = D6294874AAAED5766C554ED8 /* Build configuration list for PBXNativeTarget "MishuAppTests" */;
			buildPhases = (
				DD7C81A8D641289E280C0498 /* Sources */,
			);
			buildRules = (
			);
			dependencies = (
				C2DA5789F7B9865D4AB08BC5 /* PBXTargetDependency */,
			);
			name = MishuAppTests;
			productName = MishuAppTests;
			productReference = D42BDD8937BF05E1DB4F7B25 /* MishuAppTests.xctest */;
			productType = "com.apple.product-type.bundle.unit-test";
		};
		EC21A6BCB2C7EF1100958F1B /* MishuApp */ = {
			isa = PBXNativeTarget;
			buildConfigurationList = 4BDD233839D1FC1D5EFA0810 /* Build configuration list for PBXNativeTarget "MishuApp" */;
			buildPhases = (
				5D12C061EC120443F7C3CFC2 /* [CP] Check Pods Manifest.lock */,
				4A5D5B52068640738302AC7E /* Sources */,
				95F099E6F5FDD0A3D39B443E /* Resources */,
				4D23B3AFD8D791F0174E8D7F /* Frameworks */,
				C55A6B9625DD1204216721B2 /* Embed Frameworks */,
			);
			buildRules = (
			);
			dependencies = (
			);
			name = MishuApp;
			packageProductDependencies = (
				E014F15329552CE4F34F6001 /* SwiftMessages */,
				C50FDF99CDD65BF4BE78634D /* Kingfisher */,
				E7220BCADE6E89E920AAA3E5 /* ImageViewer */,
				31BD492FD73E659CC04017FE /* Lottie */,
				E4A4A474B601348C3668CF9A /* SQLite */,
			);
			productName = MishuApp;
			productReference = EB7999A31D2B60C18AEDCDB1 /* MishuApp.app */;
			productType = "com.apple.product-type.application";
		};
/* End PBXNativeTarget section */

/* Begin PBXProject section */
		D6D75EA408534C7017DF1A7C /* Project object */ = {
			isa = PBXProject;
			attributes = {
				BuildIndependentTargetsInParallel = YES;
				LastUpgradeCheck = 1430;
				TargetAttributes = {
					B926751AC9C2DF24264D496E = {
						DevelopmentTeam = 5GFMWSR59V;
						ProvisioningStyle = Automatic;
						TestTargetID = EC21A6BCB2C7EF1100958F1B;
					};
					BE46818425FC5C9A1392BF7B = {
						DevelopmentTeam = 5GFMWSR59V;
						ProvisioningStyle = Automatic;
					};
					EC21A6BCB2C7EF1100958F1B = {
						DevelopmentTeam = 5GFMWSR59V;
						ProvisioningStyle = Automatic;
					};
				};
			};
			buildConfigurationList = 4CB8C1612999F5DE7BBB7AF3 /* Build configuration list for PBXProject "MishuApp" */;
			compatibilityVersion = "Xcode 14.0";
			developmentRegion = en;
			hasScannedForEncodings = 0;
			knownRegions = (
				Base,
				en,
			);
			mainGroup = 7B330FAE57703F3C5FB48D28;
			minimizedProjectReferenceProxies = 1;
			packageReferences = (
				9609333CA596EF123FE89A11 /* XCRemoteSwiftPackageReference "ImageViewer" */,
				699C5343721DF821AC18A9E2 /* XCRemoteSwiftPackageReference "Kingfisher" */,
				D15EB8F0DAB57C3006F0BC07 /* XCRemoteSwiftPackageReference "lottie-ios" */,
				6B4CE4D181116E0B66D71288 /* XCRemoteSwiftPackageReference "SQLite.swift" */,
				259486D5372986C472641F58 /* XCRemoteSwiftPackageReference "SwiftMessages" */,
			);
			preferredProjectObjectVersion = 77;
			productRefGroup = 71DEA75AA51B50493F081038 /* Products */;
			projectDirPath = "";
			projectRoot = "";
			targets = (
				EC21A6BCB2C7EF1100958F1B /* MishuApp */,
				BE46818425FC5C9A1392BF7B /* MishuAppTests */,
				B926751AC9C2DF24264D496E /* MishuAppUITests */,
			);
		};
/* End PBXProject section */

/* Begin PBXResourcesBuildPhase section */
		95F099E6F5FDD0A3D39B443E /* Resources */ = {
			isa = PBXResourcesBuildPhase;
			buildActionMask = 2147483647;
			files = (
				F1665B4DA8D1CA101875C302 /* Assets.xcassets in Resources */,
				F57429D0E30D2BCD92519155 /* LaunchScreen.storyboard in Resources */,
				5FE4B2A869C1DC5B5D71AD68 /* Success.json in Resources */,
				95B88E03160CC5B3AC69A8EB /* Success.lottie in Resources */,
			);
			runOnlyForDeploymentPostprocessing = 0;
		};
/* End PBXResourcesBuildPhase section */

/* Begin PBXShellScriptBuildPhase section */
		5D12C061EC120443F7C3CFC2 /* [CP] Check Pods Manifest.lock */ = {
			isa = PBXShellScriptBuildPhase;
			buildActionMask = 2147483647;
			files = (
			);
			inputFileListPaths = (
			);
			inputPaths = (
				"${PODS_PODFILE_DIR_PATH}/Podfile.lock",
				"${PODS_ROOT}/Manifest.lock",
			);
			name = "[CP] Check Pods Manifest.lock";
			outputFileListPaths = (
			);
			outputPaths = (
				"$(DERIVED_FILE_DIR)/Pods-MishuApp-checkManifestLockResult.txt",
			);
			runOnlyForDeploymentPostprocessing = 0;
			shellPath = /bin/sh;
			shellScript = "diff \"${PODS_PODFILE_DIR_PATH}/Podfile.lock\" \"${PODS_ROOT}/Manifest.lock\" > /dev/null\nif [ $? != 0 ] ; then\n    # print error to STDERR\n    echo \"error: The sandbox is not in sync with the Podfile.lock. Run 'pod install' or update your CocoaPods installation.\" >&2\n    exit 1\nfi\n# This output is used by Xcode 'outputs' to avoid re-running this script phase.\necho \"SUCCESS\" > \"${SCRIPT_OUTPUT_FILE_0}\"\n";
			showEnvVarsInLog = 0;
		};
/* End PBXShellScriptBuildPhase section */

/* Begin PBXSourcesBuildPhase section */
		4A5D5B52068640738302AC7E /* Sources */ = {
			isa = PBXSourcesBuildPhase;
			buildActionMask = 2147483647;
			files = (
				2DBF018C3F6ED34540B0417C /* APIClient.swift in Sources */,
				D58D3E359DA55CE1DD06E8F2 /* AppDatabase.swift in Sources */,
				F963FE40C8C8028A9F2985C8 /* AppDatabaseConfig.swift in Sources */,
				1935255005DA4B7C4AA10E44 /* AppNavigationModel.swift in Sources */,
				A6141F3575FD0C76041D8FC9 /* AppNavigationStack.swift in Sources */,
				1FBDE7ACE39311DDC1054CF5 /* AppRoute.swift in Sources */,
				FFAB03A14A0C84FEC8AC7DBD /* AppStateStore.swift in Sources */,
				5CC05EEA308234AABE368386 /* Array+rotated.swift in Sources */,
				0287DC85F8B1CF07E7C41253 /* AsrModel.swift in Sources */,
				36959361A288761DDF3AD3A9 /* AudioCapService.swift in Sources */,
				A7B35A9C607CC95AB827EE65 /* BasicWebView.swift in Sources */,
				5E83B02A6E9895B164DF5D5F /* BlurView.swift in Sources */,
				0BC12988DF435DE1904976AA /* BusinessError.swift in Sources */,
				4D70C68B171B48B08F3C618B /* Calendar+relativeDateString.swift in Sources */,
				F88E3CD6C2B78E111FFE81A0 /* CameraPermissionStore.swift in Sources */,
				E4BB6D06DB4453A498EC06AA /* CancellableBag.swift in Sources */,
				F17521D3BB382791BF612F6D /* Color+Hex.swift in Sources */,
				4A0D80DCA3D0AABCA4594FB7 /* Color+brightness.swift in Sources */,
				6CA9DFF08E36751FB701A5DC /* Color+randomItemColor.swift in Sources */,
				23FAF47616C31C0BECB7EE2C /* Const.swift in Sources */,
				9122ECF5A1E2664281C03BC1 /* Copyable+copy.swift in Sources */,
				64A6033A34656A9A55AC92AC /* Date+tools.swift in Sources */,
				076E3C9114F0454A00BBB708 /* DeinitDetector.swift in Sources */,
				7D083B2645A81CB6B5AE80C4 /* DeviceResource.swift in Sources */,
				E8B552F1CB6E2CA5DDEA9124 /* DoubaoChatAPI.swift in Sources */,
				267244EBECF9B4A2A6614DA3 /* DoubaoEmbeddingAPI.swift in Sources */,
				6811329FCB304B05EB353422 /* Double+exten.swift in Sources */,
				45009782C948F8565C367BBD /* EnvironmentValues+Namespace.swift in Sources */,
				72C9112F58CC4624EA433A2E /* Gps.swift in Sources */,
				5D54BBCECF1EF7768B5137CE /* ImageViewerManager.swift in Sources */,
				4D79F3C34370F51C687A907A /* KeyedDecodingContainer+safeDecode.swift in Sources */,
				9ABB1919037F06EA71BAD8D2 /* LazyView.swift in Sources */,
				3DA2A2BD379EBE6E5B03B5CA /* LicensePlateInputView.swift in Sources */,
				AD96307A9F737CF70753B5B3 /* LicensePlateKeyboard.swift in Sources */,
				D919333D6678D7A5612089A6 /* LocalAlbumStore.swift in Sources */,
				B441B50F4849272BAF964972 /* LocalNetworkPermissionStore.swift in Sources */,
				6518178CDD475509A1668A3B /* LocationPermissionStore.swift in Sources */,
				0D6882A5FD8D000C6E0EDE53 /* LocationService.swift in Sources */,
				40C8DC5AAFD18003171F71CE /* LoginActionView.swift in Sources */,
				A5ECE171DF4551718270E8C3 /* LoginAgreementView.swift in Sources */,
				2FB49974F101C8D59B089E87 /* LoginBackgroundView.swift in Sources */,
				485F8D4E500FC5E04BBB2701 /* LoginInputView.swift in Sources */,
				9491BF611250F40D7EE35322 /* LoginLogoView.swift in Sources */,
				ADE2234816B2860E7514D4CF /* LoginView.swift in Sources */,
				CF563EB095EB7DD91102A587 /* LoginView.vm.swift in Sources */,
				C5DA18B4804892D3D5D0DB9D /* MainView.v.swift in Sources */,
				8A556632A12103110EBBB8DB /* MainView.vm.swift in Sources */,
				E4E382213E23C404F8BE9386 /* MascotSectionView.swift in Sources */,
				B209886EB4F5B80A9F09A13D /* MemoryAPI.swift in Sources */,
				265423BEF622E05EA9B42F34 /* MemoryTable.swift in Sources */,
				F873AACDE61AE0EB9DF80A08 /* MemoryVectorStore.swift in Sources */,
				C4450E8594319E2C650604B3 /* MessageAPI.swift in Sources */,
				F9215EDCBB8BA57F7C11B612 /* MessageStore.swift in Sources */,
				F670DE75A01C93E91F6F1F75 /* MessageTable.swift in Sources */,
				43F36358BB5FEEEAFCE41FC4 /* MishuApp.swift in Sources */,
				BCE0A4D2C8508DF69C2678C3 /* NavHeader.swift in Sources */,
				FA8F7B3B0FA5CA9C614364C0 /* NoticePermissionStore.swift in Sources */,
				B429E8E0331B172150E25AD8 /* OrientationManager.swift in Sources */,
				44AB53CFC5CF387120D2A494 /* PageViewController.swift in Sources */,
				44CF889931F108CC5E8568A0 /* RouteParser.swift in Sources */,
				C27FCF4FB17AE9E36AA36B20 /* SQLiteVecBootstrap.swift in Sources */,
				F0A0E6FCD01B694FC853F773 /* SecureTextField.swift in Sources */,
				FEBEED4431E79257139F3087 /* SelfStore.swift in Sources */,
				4389B0799DB2F7330E463824 /* SocketMessage.swift in Sources */,
				71A16B6A5D9579F7EC51007B /* SpeechService.swift in Sources */,
				CCB6393040FB2E736DA53F9F /* Storage.swift in Sources */,
				50F45E929048EA881874A7B9 /* String+extension.swift in Sources */,
				13EF72403BDB2828E93ECF88 /* String+timeValid.swift in Sources */,
				DBEDD57BC88F46F12B919D0F /* TextAssembler.swift in Sources */,
				AF80A2CF3FFCCDE07B6BCFC6 /* TextField+autoFocus.swift in Sources */,
				03408DFA392D40249689A2F8 /* Theme.swift in Sources */,
				C2FA58515742798C1F412A1A /* UIApplication+dismissKeyboard.swift in Sources */,
				D81F1E76B59836EE7CFB9B30 /* UIImage+resize.swift in Sources */,
				C492BD762CCF1F96E35ACF85 /* UIKitTextField.swift in Sources */,
				D2F2AC1328859E18D0B4EB1C /* UINavigationController+gestureRecognizerShouldBegin.swift in Sources */,
				B5CAD50765327BF0C027A21A /* UmengService.swift in Sources */,
				AAC7452FF5B4A0E48B1528AA /* UnreadBadge.swift in Sources */,
				C31F0C4B5BBA88C4103322E3 /* User.swift in Sources */,
				97EF0445542F57037E175664 /* UserAPI.swift in Sources */,
				28A072440E2F584E4DC39827 /* UserAvatar.swift in Sources */,
				7994DFF02A6B22CB6AF0E6A4 /* VideoViewerManager.swift in Sources */,
				C6829A97C51BE68B52718947 /* View+FullBrandButton.swift in Sources */,
				EA9C1C28B99C359A7BB739E7 /* View+KeyboardDismissModifier.swift in Sources */,
				0C8BD32C9FD3D15C92F704EB /* View+SafeArea.swift in Sources */,
				899B373ABDDFB9699A8C1D8C /* View+SwipeActions.swift in Sources */,
				B57EB20EC5DA08833A5B616A /* View+bottomSheet.swift in Sources */,
				369603427EACEFE9E025CF93 /* View+cornerRadius.swift in Sources */,
				E537B2173569FFC931A57BC0 /* View+cssPadding.swift in Sources */,
				88799049FC2C20CDEB1EF93A /* View+fontStyle.swift in Sources */,
				8A8211622A2A706AFF4D41E6 /* View+glassEffectBelow.swift in Sources */,
				A031D2687E6BE3E38AE1DABD /* View+hideScrollIndicators.swift in Sources */,
				15410D252504541C8E8655E5 /* View+keyboardAvoiding.swift in Sources */,
				D84E054C55368163384DEB2E /* View+matchedGeometryEffectIfLet.swift in Sources */,
				4BE0569F125C181DA57445DA /* View+onDragWithEnd.swift in Sources */,
				062E576B777E233E079F6449 /* View+pickerAddBgColor.swift in Sources */,
				C8A255957696BCE03C3DA1E8 /* View+pickerBgReset.swift in Sources */,
				F1CDE4B9822B519A6AD8B25B /* View+popup.swift in Sources */,
				E02F2BBC71DB77744BF615E6 /* View+popupTest.swift in Sources */,
				D9408D714C4FFE9638F692FC /* View+processControll.swift in Sources */,
				A0D28AD184E847E4AA97E302 /* View+rotationIcon.swift in Sources */,
				EE88FED701D24DAF502BE4C3 /* View+shadow.swift in Sources */,
				D2E6CCFC603B7500E45A8A68 /* View+taskFor14.swift in Sources */,
				D1C0500784D5A78BB92C053A /* View+toAnyView.swift in Sources */,
				9E4141E04F27F5AF8E3DE6E0 /* View+toPopover.swift in Sources */,
				53A54836B4C48EA665A23AA7 /* View+toast.swift in Sources */,
				5A263EC36B52CCD92750EF67 /* VinKeyboard.swift in Sources */,
				78D1282A92C2BC632D6B0E62 /* VoiceActionView.swift in Sources */,
				1EB380D3A93797949601C63D /* VoiceMemoryPipeline.swift in Sources */,
				D9F194AEF3A7C1365B334555 /* VoiceRecorder.swift in Sources */,
				0BF1FE118DD83E5918F0DAE5 /* VoiceRippleView.swift in Sources */,
				C0829D34B872C52EE4DBE038 /* VoiceThinkView.swift in Sources */,
				A791DD51F80F4AAA8AC8D91F /* WheelPicker.swift in Sources */,
				4DBE8A6405AA912C8518C72C /* delegateApplication.swift in Sources */,
				8A463CA8F08740568C05BBD6 /* delegateNotification.swift in Sources */,
				B9A86939694777D1B93A0E59 /* delegateWechat.swift in Sources */,
			);
			runOnlyForDeploymentPostprocessing = 0;
		};
		5F4765EE92503672FF2F3FA3 /* Sources */ = {
			isa = PBXSourcesBuildPhase;
			buildActionMask = 2147483647;
			files = (
				0D5D4ECDBB76D963A85EEB88 /* MishuAppUITests.swift in Sources */,
			);
			runOnlyForDeploymentPostprocessing = 0;
		};
		DD7C81A8D641289E280C0498 /* Sources */ = {
			isa = PBXSourcesBuildPhase;
			buildActionMask = 2147483647;
			files = (
				7035B1E6649314A7F5622042 /* HomeVoiceTranscriptAssemblerTests.swift in Sources */,
				625F0FEF941E0F4823A3C266 /* MemoryIntentPlanTests.swift in Sources */,
				EFE37A1E9B71924557348B1A /* MemoryVectorStoreTests.swift in Sources */,
				381F36D125490BA60AED63BA /* SQLiteVecIntegrationTests.swift in Sources */,
			);
			runOnlyForDeploymentPostprocessing = 0;
		};
/* End PBXSourcesBuildPhase section */

/* Begin PBXTargetDependency section */
		A6314545CD08D46D5821D7C0 /* PBXTargetDependency */ = {
			isa = PBXTargetDependency;
			target = EC21A6BCB2C7EF1100958F1B /* MishuApp */;
			targetProxy = 8F4135A4283DDF9087C6CCBA /* PBXContainerItemProxy */;
		};
		C2DA5789F7B9865D4AB08BC5 /* PBXTargetDependency */ = {
			isa = PBXTargetDependency;
			target = EC21A6BCB2C7EF1100958F1B /* MishuApp */;
			targetProxy = DB2D5B7ADD8669FA7FFB16DB /* PBXContainerItemProxy */;
		};
/* End PBXTargetDependency section */

/* Begin XCBuildConfiguration section */
		0611663A59BBF136044C6FF5 /* Release */ = {
			isa = XCBuildConfiguration;
			buildSettings = {
				BUNDLE_LOADER = "$(TEST_HOST)";
				GENERATE_INFOPLIST_FILE = YES;
				LD_RUNPATH_SEARCH_PATHS = (
					"$(inherited)",
					"@executable_path/Frameworks",
					"@loader_path/Frameworks",
				);
				PRODUCT_BUNDLE_IDENTIFIER = com.spreadwin.mishuapp.uitests;
				SDKROOT = iphoneos;
				TARGETED_DEVICE_FAMILY = "1,2";
				TEST_TARGET_NAME = MishuApp;
			};
			name = Release;
		};
		219E832CB9B5B2BD12CF69CE /* Release */ = {
			isa = XCBuildConfiguration;
			baseConfigurationReference = CA683770F6C617A1B10B1729 /* Pods-MishuApp.release.xcconfig */;
			buildSettings = {
				ALWAYS_SEARCH_USER_PATHS = YES;
				ASSETCATALOG_COMPILER_APPICON_NAME = AppIcon;
				CFBundleDevelopmentRegion = "zh-Hans";
				CODE_SIGN_ENTITLEMENTS = MishuApp.entitlements;
				CODE_SIGN_IDENTITY = "iPhone Developer";
				CODE_SIGN_STYLE = Automatic;
				CURRENT_PROJECT_VERSION = 15;
				DEVELOPMENT_TEAM = 5GFMWSR59V;
				ENABLE_APPINTENTS_METADATA_PROCESSING = NO;
				FRAMEWORK_SEARCH_PATHS = (
					"$(inherited)",
					"\"Vendor/sqlite-vec\"",
				);
				GENERATE_INFOPLIST_FILE = NO;
				INFOPLIST_FILE = Info.plist;
				INFOPLIST_KEY_LSApplicationCategoryType = "public.app-category.utilities";
				LD_RUNPATH_SEARCH_PATHS = (
					"$(inherited)",
					"@executable_path/Frameworks",
				);
				MARKETING_VERSION = 1.0.0;
				PRODUCT_BUNDLE_IDENTIFIER = com.spreadwin.mishuapp;
				SDKROOT = iphoneos;
				TARGETED_DEVICE_FAMILY = 1;
			};
			name = Release;
		};
		4197B1381E2CDF3CBA630833 /* Debug */ = {
			isa = XCBuildConfiguration;
			buildSettings = {
				BUNDLE_LOADER = "$(TEST_HOST)";
				GENERATE_INFOPLIST_FILE = YES;
				LD_RUNPATH_SEARCH_PATHS = (
					"$(inherited)",
					"@executable_path/Frameworks",
					"@loader_path/Frameworks",
				);
				PRODUCT_BUNDLE_IDENTIFIER = com.spreadwin.mishuapp.uitests;
				SDKROOT = iphoneos;
				TARGETED_DEVICE_FAMILY = "1,2";
				TEST_TARGET_NAME = MishuApp;
			};
			name = Debug;
		};
		54765F167B97365F7967FC83 /* Debug */ = {
			isa = XCBuildConfiguration;
			baseConfigurationReference = BCB542975D977FA39DFA91C3 /* Pods-MishuApp.debug.xcconfig */;
			buildSettings = {
				ALWAYS_SEARCH_USER_PATHS = YES;
				ASSETCATALOG_COMPILER_APPICON_NAME = AppIcon;
				CFBundleDevelopmentRegion = "zh-Hans";
				CODE_SIGN_ENTITLEMENTS = MishuApp.entitlements;
				CODE_SIGN_IDENTITY = "iPhone Developer";
				CODE_SIGN_STYLE = Automatic;
				CURRENT_PROJECT_VERSION = 15;
				DEVELOPMENT_TEAM = 5GFMWSR59V;
				ENABLE_APPINTENTS_METADATA_PROCESSING = NO;
				FRAMEWORK_SEARCH_PATHS = (
					"$(inherited)",
					"\"Vendor/sqlite-vec\"",
				);
				GENERATE_INFOPLIST_FILE = NO;
				INFOPLIST_FILE = Info.plist;
				INFOPLIST_KEY_LSApplicationCategoryType = "public.app-category.utilities";
				LD_RUNPATH_SEARCH_PATHS = (
					"$(inherited)",
					"@executable_path/Frameworks",
				);
				MARKETING_VERSION = 1.0.0;
				PRODUCT_BUNDLE_IDENTIFIER = com.spreadwin.mishuapp;
				SDKROOT = iphoneos;
				TARGETED_DEVICE_FAMILY = 1;
			};
			name = Debug;
		};
		5DA61D4F5944681FB99AED36 /* Debug */ = {
			isa = XCBuildConfiguration;
			buildSettings = {
				BUNDLE_LOADER = "$(TEST_HOST)";
				GENERATE_INFOPLIST_FILE = YES;
				LD_RUNPATH_SEARCH_PATHS = (
					"$(inherited)",
					"@executable_path/Frameworks",
					"@loader_path/Frameworks",
				);
				PRODUCT_BUNDLE_IDENTIFIER = com.spreadwin.mishuapp.tests;
				SDKROOT = iphoneos;
				TARGETED_DEVICE_FAMILY = "1,2";
				TEST_HOST = "$(BUILT_PRODUCTS_DIR)/MishuApp.app/MishuApp";
			};
			name = Debug;
		};
		85D47C386420BA35DF71356F /* Debug */ = {
			isa = XCBuildConfiguration;
			buildSettings = {
				ALWAYS_SEARCH_USER_PATHS = NO;
				ASSETCATALOG_COMPILER_APPICON_NAME = AppIcon;
				CLANG_ANALYZER_NONNULL = YES;
				CLANG_ANALYZER_NUMBER_OBJECT_CONVERSION = YES_AGGRESSIVE;
				CLANG_CXX_LANGUAGE_STANDARD = "gnu++14";
				CLANG_CXX_LIBRARY = "libc++";
				CLANG_ENABLE_MODULES = YES;
				CLANG_ENABLE_OBJC_ARC = YES;
				CLANG_ENABLE_OBJC_WEAK = YES;
				CLANG_WARN_BLOCK_CAPTURE_AUTORELEASING = YES;
				CLANG_WARN_BOOL_CONVERSION = YES;
				CLANG_WARN_COMMA = YES;
				CLANG_WARN_CONSTANT_CONVERSION = YES;
				CLANG_WARN_DEPRECATED_OBJC_IMPLEMENTATIONS = YES;
				CLANG_WARN_DIRECT_OBJC_ISA_USAGE = YES_ERROR;
				CLANG_WARN_DOCUMENTATION_COMMENTS = YES;
				CLANG_WARN_EMPTY_BODY = YES;
				CLANG_WARN_ENUM_CONVERSION = YES;
				CLANG_WARN_INFINITE_RECURSION = YES;
				CLANG_WARN_INT_CONVERSION = YES;
				CLANG_WARN_NON_LITERAL_NULL_CONVERSION = YES;
				CLANG_WARN_OBJC_IMPLICIT_RETAIN_SELF = YES;
				CLANG_WARN_OBJC_LITERAL_CONVERSION = YES;
				CLANG_WARN_OBJC_ROOT_CLASS = YES_ERROR;
				CLANG_WARN_QUOTED_INCLUDE_IN_FRAMEWORK_HEADER = YES;
				CLANG_WARN_RANGE_LOOP_ANALYSIS = YES;
				CLANG_WARN_STRICT_PROTOTYPES = YES;
				CLANG_WARN_SUSPICIOUS_MOVE = YES;
				CLANG_WARN_UNGUARDED_AVAILABILITY = YES_AGGRESSIVE;
				CLANG_WARN_UNREACHABLE_CODE = YES;
				CLANG_WARN__DUPLICATE_METHOD_MATCH = YES;
				CODE_SIGN_STYLE = Automatic;
				COPY_PHASE_STRIP = NO;
				DEBUG_INFORMATION_FORMAT = dwarf;
				DEVELOPMENT_LANGUAGE = "zh-Hans";
				DEVELOPMENT_TEAM = 5GFMWSR59V;
				ENABLE_STRICT_OBJC_MSGSEND = YES;
				ENABLE_TESTABILITY = YES;
				GCC_C_LANGUAGE_STANDARD = gnu11;
				GCC_DYNAMIC_NO_PIC = NO;
				GCC_NO_COMMON_BLOCKS = YES;
				GCC_OPTIMIZATION_LEVEL = 0;
				GCC_PREPROCESSOR_DEFINITIONS = (
					"$(inherited)",
					"DEBUG=1",
				);
				GCC_WARN_64_TO_32_BIT_CONVERSION = YES;
				GCC_WARN_ABOUT_RETURN_TYPE = YES_ERROR;
				GCC_WARN_UNDECLARED_SELECTOR = YES;
				GCC_WARN_UNINITIALIZED_AUTOS = YES_AGGRESSIVE;
				GCC_WARN_UNUSED_FUNCTION = YES;
				GCC_WARN_UNUSED_VARIABLE = YES;
				IPHONEOS_DEPLOYMENT_TARGET = 16.0;
				MTL_ENABLE_DEBUG_INFO = INCLUDE_SOURCE;
				MTL_FAST_MATH = YES;
				ONLY_ACTIVE_ARCH = YES;
				PRODUCT_NAME = "$(TARGET_NAME)";
				SDKROOT = iphoneos;
				SWIFT_ACTIVE_COMPILATION_CONDITIONS = DEBUG;
				SWIFT_OPTIMIZATION_LEVEL = "-Onone";
				SWIFT_VERSION = 5.9;
			};
			name = Debug;
		};
		AFC3EE22BEEF84E4F81FDD31 /* Release */ = {
			isa = XCBuildConfiguration;
			buildSettings = {
				BUNDLE_LOADER = "$(TEST_HOST)";
				GENERATE_INFOPLIST_FILE = YES;
				LD_RUNPATH_SEARCH_PATHS = (
					"$(inherited)",
					"@executable_path/Frameworks",
					"@loader_path/Frameworks",
				);
				PRODUCT_BUNDLE_IDENTIFIER = com.spreadwin.mishuapp.tests;
				SDKROOT = iphoneos;
				TARGETED_DEVICE_FAMILY = "1,2";
				TEST_HOST = "$(BUILT_PRODUCTS_DIR)/MishuApp.app/MishuApp";
			};
			name = Release;
		};
		BC8AD51029311CFAA66A14BD /* Release */ = {
			isa = XCBuildConfiguration;
			buildSettings = {
				ALWAYS_SEARCH_USER_PATHS = NO;
				ASSETCATALOG_COMPILER_APPICON_NAME = AppIcon;
				CLANG_ANALYZER_NONNULL = YES;
				CLANG_ANALYZER_NUMBER_OBJECT_CONVERSION = YES_AGGRESSIVE;
				CLANG_CXX_LANGUAGE_STANDARD = "gnu++14";
				CLANG_CXX_LIBRARY = "libc++";
				CLANG_ENABLE_MODULES = YES;
				CLANG_ENABLE_OBJC_ARC = YES;
				CLANG_ENABLE_OBJC_WEAK = YES;
				CLANG_WARN_BLOCK_CAPTURE_AUTORELEASING = YES;
				CLANG_WARN_BOOL_CONVERSION = YES;
				CLANG_WARN_COMMA = YES;
				CLANG_WARN_CONSTANT_CONVERSION = YES;
				CLANG_WARN_DEPRECATED_OBJC_IMPLEMENTATIONS = YES;
				CLANG_WARN_DIRECT_OBJC_ISA_USAGE = YES_ERROR;
				CLANG_WARN_DOCUMENTATION_COMMENTS = YES;
				CLANG_WARN_EMPTY_BODY = YES;
				CLANG_WARN_ENUM_CONVERSION = YES;
				CLANG_WARN_INFINITE_RECURSION = YES;
				CLANG_WARN_INT_CONVERSION = YES;
				CLANG_WARN_NON_LITERAL_NULL_CONVERSION = YES;
				CLANG_WARN_OBJC_IMPLICIT_RETAIN_SELF = YES;
				CLANG_WARN_OBJC_LITERAL_CONVERSION = YES;
				CLANG_WARN_OBJC_ROOT_CLASS = YES_ERROR;
				CLANG_WARN_QUOTED_INCLUDE_IN_FRAMEWORK_HEADER = YES;
				CLANG_WARN_RANGE_LOOP_ANALYSIS = YES;
				CLANG_WARN_STRICT_PROTOTYPES = YES;
				CLANG_WARN_SUSPICIOUS_MOVE = YES;
				CLANG_WARN_UNGUARDED_AVAILABILITY = YES_AGGRESSIVE;
				CLANG_WARN_UNREACHABLE_CODE = YES;
				CLANG_WARN__DUPLICATE_METHOD_MATCH = YES;
				CODE_SIGN_STYLE = Automatic;
				COPY_PHASE_STRIP = NO;
				DEBUG_INFORMATION_FORMAT = "dwarf-with-dsym";
				DEVELOPMENT_LANGUAGE = "zh-Hans";
				DEVELOPMENT_TEAM = 5GFMWSR59V;
				ENABLE_NS_ASSERTIONS = NO;
				ENABLE_STRICT_OBJC_MSGSEND = YES;
				GCC_C_LANGUAGE_STANDARD = gnu11;
				GCC_NO_COMMON_BLOCKS = YES;
				GCC_WARN_64_TO_32_BIT_CONVERSION = YES;
				GCC_WARN_ABOUT_RETURN_TYPE = YES_ERROR;
				GCC_WARN_UNDECLARED_SELECTOR = YES;
				GCC_WARN_UNINITIALIZED_AUTOS = YES_AGGRESSIVE;
				GCC_WARN_UNUSED_FUNCTION = YES;
				GCC_WARN_UNUSED_VARIABLE = YES;
				IPHONEOS_DEPLOYMENT_TARGET = 16.0;
				MTL_ENABLE_DEBUG_INFO = NO;
				MTL_FAST_MATH = YES;
				PRODUCT_NAME = "$(TARGET_NAME)";
				SDKROOT = iphoneos;
				SWIFT_COMPILATION_MODE = wholemodule;
				SWIFT_OPTIMIZATION_LEVEL = "-O";
				SWIFT_VERSION = 5.9;
			};
			name = Release;
		};
/* End XCBuildConfiguration section */

/* Begin XCConfigurationList section */
		076303195B043AEAD115B018 /* Build configuration list for PBXNativeTarget "MishuAppUITests" */ = {
			isa = XCConfigurationList;
			buildConfigurations = (
				4197B1381E2CDF3CBA630833 /* Debug */,
				0611663A59BBF136044C6FF5 /* Release */,
			);
			defaultConfigurationIsVisible = 0;
			defaultConfigurationName = Debug;
		};
		4BDD233839D1FC1D5EFA0810 /* Build configuration list for PBXNativeTarget "MishuApp" */ = {
			isa = XCConfigurationList;
			buildConfigurations = (
				54765F167B97365F7967FC83 /* Debug */,
				219E832CB9B5B2BD12CF69CE /* Release */,
			);
			defaultConfigurationIsVisible = 0;
			defaultConfigurationName = Debug;
		};
		4CB8C1612999F5DE7BBB7AF3 /* Build configuration list for PBXProject "MishuApp" */ = {
			isa = XCConfigurationList;
			buildConfigurations = (
				85D47C386420BA35DF71356F /* Debug */,
				BC8AD51029311CFAA66A14BD /* Release */,
			);
			defaultConfigurationIsVisible = 0;
			defaultConfigurationName = Debug;
		};
		D6294874AAAED5766C554ED8 /* Build configuration list for PBXNativeTarget "MishuAppTests" */ = {
			isa = XCConfigurationList;
			buildConfigurations = (
				5DA61D4F5944681FB99AED36 /* Debug */,
				AFC3EE22BEEF84E4F81FDD31 /* Release */,
			);
			defaultConfigurationIsVisible = 0;
			defaultConfigurationName = Debug;
		};
/* End XCConfigurationList section */

/* Begin XCRemoteSwiftPackageReference section */
		259486D5372986C472641F58 /* XCRemoteSwiftPackageReference "SwiftMessages" */ = {
			isa = XCRemoteSwiftPackageReference;
			repositoryURL = "https://github.com/SwiftKickMobile/SwiftMessages.git";
			requirement = {
				kind = upToNextMajorVersion;
				minimumVersion = 9.0.6;
			};
		};
		699C5343721DF821AC18A9E2 /* XCRemoteSwiftPackageReference "Kingfisher" */ = {
			isa = XCRemoteSwiftPackageReference;
			repositoryURL = "https://github.com/onevcat/Kingfisher.git";
			requirement = {
				kind = upToNextMajorVersion;
				minimumVersion = 8.0.0;
			};
		};
		6B4CE4D181116E0B66D71288 /* XCRemoteSwiftPackageReference "SQLite.swift" */ = {
			isa = XCRemoteSwiftPackageReference;
			repositoryURL = "https://github.com/stephencelis/SQLite.swift.git";
			requirement = {
				kind = upToNextMajorVersion;
				minimumVersion = 0.15.5;
			};
		};
		9609333CA596EF123FE89A11 /* XCRemoteSwiftPackageReference "ImageViewer" */ = {
			isa = XCRemoteSwiftPackageReference;
			repositoryURL = "https://github.com/Krisiacik/ImageViewer";
			requirement = {
				kind = upToNextMajorVersion;
				minimumVersion = 7.0.0;
			};
		};
		D15EB8F0DAB57C3006F0BC07 /* XCRemoteSwiftPackageReference "lottie-ios" */ = {
			isa = XCRemoteSwiftPackageReference;
			repositoryURL = "https://github.com/airbnb/lottie-ios";
			requirement = {
				kind = upToNextMajorVersion;
				minimumVersion = 4.5.2;
			};
		};
/* End XCRemoteSwiftPackageReference section */

/* Begin XCSwiftPackageProductDependency section */
		31BD492FD73E659CC04017FE /* Lottie */ = {
			isa = XCSwiftPackageProductDependency;
			package = D15EB8F0DAB57C3006F0BC07 /* XCRemoteSwiftPackageReference "lottie-ios" */;
			productName = Lottie;
		};
		C50FDF99CDD65BF4BE78634D /* Kingfisher */ = {
			isa = XCSwiftPackageProductDependency;
			package = 699C5343721DF821AC18A9E2 /* XCRemoteSwiftPackageReference "Kingfisher" */;
			productName = Kingfisher;
		};
		E014F15329552CE4F34F6001 /* SwiftMessages */ = {
			isa = XCSwiftPackageProductDependency;
			package = 259486D5372986C472641F58 /* XCRemoteSwiftPackageReference "SwiftMessages" */;
			productName = SwiftMessages;
		};
		E4A4A474B601348C3668CF9A /* SQLite */ = {
			isa = XCSwiftPackageProductDependency;
			package = 6B4CE4D181116E0B66D71288 /* XCRemoteSwiftPackageReference "SQLite.swift" */;
			productName = SQLite;
		};
		E7220BCADE6E89E920AAA3E5 /* ImageViewer */ = {
			isa = XCSwiftPackageProductDependency;
			package = 9609333CA596EF123FE89A11 /* XCRemoteSwiftPackageReference "ImageViewer" */;
			productName = ImageViewer;
		};
/* End XCSwiftPackageProductDependency section */
	};
	rootObject = D6D75EA408534C7017DF1A7C /* Project object */;
}
